{"format_version":"1.0","provider_schemas":{"registry.terraform.io/schwarzit/stackit":{"provider":{"version":0,"block":{"attributes":{"enable_trace_context":{"type":"bool","description":"Enable trace context. If `true` a `Traceparent` header will be added to the request. Default: `false`","description_kind":"markdown","optional":true},"environment":{"type":"string","description":"The API environment that the provider interacts with. Options are `dev`, `qa`, `prod`.\u003cbr /\u003eThis attribute can also be loaded from `STACKIT_ENV` environment variable instead.","description_kind":"markdown","optional":true},"private_key":{"type":"string","description":"Private RSA Key.\u003cbr /\u003eThis attribute can also be loaded from `STACKIT_PRIVATE_KEY` environment variable instead.","description_kind":"markdown","optional":true,"sensitive":true},"private_key_path":{"type":"string","description":"Path to the Private RSA Key.\u003cbr /\u003eThis attribute can also be loaded from `STACKIT_PRIVATE_KEY_PATH` environment variable instead.","description_kind":"markdown","optional":true},"service_account_email":{"type":"string","description":"Service Account Email.\u003cbr /\u003eThis attribute can also be loaded from `STACKIT_SERVICE_ACCOUNT_EMAIL` environment variable instead.","description_kind":"markdown","optional":true},"service_account_key":{"type":"string","description":"Service Account Key.\u003cbr /\u003eThis attribute can also be loaded from `STACKIT_SERVICE_ACCOUNT_KEY` environment variable instead.","description_kind":"markdown","optional":true,"sensitive":true},"service_account_key_path":{"type":"string","description":"Path to the Service Account Key.\u003cbr /\u003eThis attribute can also be loaded from `STACKIT_SERVICE_ACCOUNT_KEY_PATH` environment variable instead.","description_kind":"markdown","optional":true},"service_account_token":{"type":"string","description":"Service Account Token.\u003cbr /\u003eThis attribute can also be loaded from `STACKIT_SERVICE_ACCOUNT_TOKEN` environment variable instead.","description_kind":"markdown","optional":true,"sensitive":true}},"description":"\nThe STACKIT provider is a project developed and maintained by the STACKIT community within Schwarz IT. Please note that it is not an official provider endorsed or maintained by STACKIT.\n\n~\u003e **Note:** The provider is built using Terraform's plugin framework, therefore we recommend using Terraform CLI v1.x which supports Protocol v6\n\n## Authentication\n\nBefore you can start using the client, you will need to create a STACKIT Service Account in your project and assign it the appropriate permissions (i.e. `project.owner`).\nAfter the service account has been created, you can authenticate to the client using the `Key flow`  (recommended) or with the static `Token flow` (less secure as the token is long-lived).\n\n### Key flow\n\n1. Follow instructions in the [community client](https://github.com/SchwarzIT/community-stackit-go-client#key-flow)\n\n2. You can configure the Key flow by providing paths using environment variables or by configuring the paths in the provider block (`Key flow (1)` example below)\n\n   ```bash\n   export STACKIT_SERVICE_ACCOUNT_KEY_PATH=\"sa_key.json\"\n   export STACKIT_PRIVATE_KEY_PATH=\"private_key.pem\"\n   ```\n\n3. Another way is to provide the contents directly, either with environment variables or by configuring the provider directly (`Key flow (2)` example below)\n\n   ```bash\n   export STACKIT_SERVICE_ACCOUNT_KEY_=\"...\"\n   export STACKIT_PRIVATE_KEY=\"...\"\n   ```\n\n### Token flow\n\n1. Set the following environment variables or configure the provider directly (example below)\n\n   ```bash\n   export STACKIT_SERVICE_ACCOUNT_EMAIL=email\n   export STACKIT_SERVICE_ACCOUNT_TOKEN=token\n   ```\n\n\u0026nbsp;\n","description_kind":"markdown"}},"resource_schemas":{"stackit_argus_credential":{"version":0,"block":{"attributes":{"id":{"type":"string","description":"Specifies the resource ID","description_kind":"plain","computed":true},"instance_id":{"type":"string","description":"Instance ID the credential belongs to","description_kind":"plain","required":true},"password":{"type":"string","description":"Credential password","description_kind":"plain","computed":true,"sensitive":true},"project_id":{"type":"string","description":"Project ID the credential belongs to","description_kind":"plain","required":true},"username":{"type":"string","description":"Credential username","description_kind":"plain","computed":true}},"description":"Manages Argus instance credentials\n\n\u003cbr /\u003e\n\n-\u003e __Environment support__\u003cbr /\u003e\u003ctable style='border-collapse: separate; border-spacing: 0px; margin-top:-20px; margin-left: 24px; font-size: smaller;'\u003e\n\u003ctr\u003e\u003ctd style='width: 100px; background: #fbfcff; border: none;'\u003eProduction\u003c/td\u003e\u003ctd style='background: #fbfcff; border: none;'\u003ehttps://argus.api.stackit.cloud\u003c/td\u003e\u003c/tr\u003e\n\u003ctr\u003e\u003ctd style='background: #fbfcff; border: none;'\u003eQA\u003c/td\u003e\u003ctd style='background: #fbfcff; border: none;'\u003ehttps://argus.api.stg.stackit.cloud\u003c/td\u003e\u003c/tr\u003e\n\u003ctr\u003e\u003ctd style='background: #fbfcff; border: none;'\u003eDev\u003c/td\u003e\u003ctd style='background: #fbfcff; border: none;'\u003ehttps://argus.api.dev.stackit.cloud\u003c/td\u003e\u003c/tr\u003e\n\u003c/table\u003e\u003cbr /\u003e\n\u003csmall style='margin-left: 24px; margin-top: -5px; display: inline-block;'\u003e\u003ca href=\"https://registry.terraform.io/providers/SchwarzIT/stackit/latest/docs#environment\"\u003eBy default\u003c/a\u003e, production is used.\u003cbr /\u003eTo set a custom URL, set an environment variable \u003ccode\u003eSTACKIT_ARGUS_BASEURL\u003c/code\u003e\u003c/small\u003e\n\t","description_kind":"markdown"}},"stackit_argus_instance":{"version":0,"block":{"attributes":{"alerting_url":{"type":"string","description":"Specifies Alerting URL.","description_kind":"plain","computed":true},"dashboard_url":{"type":"string","description":"Specifies Argus instance dashboard URL.","description_kind":"plain","computed":true},"grafana":{"nested_type":{"attributes":{"enable_public_access":{"type":"bool","description":"If true, anyone can access Grafana dashboards without logging in. Default is set to `false`.","description_kind":"plain","optional":true,"computed":true}},"nesting_mode":"single"},"description":"A Grafana configuration block","description_kind":"plain","optional":true},"grafana_initial_admin_password":{"type":"string","description":"Specifies an initial Grafana admin password.","description_kind":"plain","computed":true,"sensitive":true},"grafana_initial_admin_user":{"type":"string","description":"Specifies an initial Grafana admin username.","description_kind":"plain","computed":true},"grafana_url":{"type":"string","description":"Specifies Grafana URL.","description_kind":"plain","computed":true},"id":{"type":"string","description":"Specifies the Argus instance ID","description_kind":"plain","computed":true},"is_updatable":{"type":"bool","description":"Specifies if the instance can be updated.","description_kind":"plain","computed":true},"jaeger_traces_url":{"type":"string","description_kind":"plain","computed":true},"jaeger_ui_url":{"type":"string","description_kind":"plain","computed":true},"logs_push_url":{"type":"string","description":"Specifies URL for pushing logs.","description_kind":"plain","computed":true},"logs_url":{"type":"string","description":"Specifies Logs URL.","description_kind":"plain","computed":true},"metrics":{"nested_type":{"attributes":{"retention_days":{"type":"number","description":"Specifies for how many days the raw metrics are kept. Default is set to `90`","description_kind":"plain","optional":true,"computed":true},"retention_days_1h_downsampling":{"type":"number","description":"Specifies for how many days the 1h downsampled metrics are kept. must be less than the value of the 5m downsampling retention. Default is set to `0` (disabled).","description_kind":"plain","optional":true,"computed":true},"retention_days_5m_downsampling":{"type":"number","description":"Specifies for how many days the 5m downsampled metrics are kept. must be less than the value of the general retention. Default is set to `0` (disabled).","description_kind":"plain","optional":true,"computed":true}},"nesting_mode":"single"},"description":"Metrics configuration block","description_kind":"plain","optional":true},"metrics_push_url":{"type":"string","description":"Specifies URL for pushing metrics.","description_kind":"plain","computed":true},"metrics_url":{"type":"string","description":"Specifies metrics URL.","description_kind":"plain","computed":true},"name":{"type":"string","description":"Specifies the name of the Argus instance","description_kind":"plain","required":true},"otlp_traces_url":{"type":"string","description_kind":"plain","computed":true},"plan":{"type":"string","description":"Specifies the Argus plan. Available options are: `Monitoring-Medium-EU01`, `Monitoring-Large-EU01`, `Frontend-Starter-EU01`, `Monitoring-XL-EU01`, `Monitoring-XXL-EU01`, `Monitoring-Starter-EU01`, `Monitoring-Basic-EU01`, `Observability-Medium-EU01`, `Observability-Large-EU01 `, `Observability-XL-EU01`, `Observability-Starter-EU01`, `Observability-Basic-EU01`, `Observability-XXL-EU01`.","description_kind":"plain","required":true},"plan_id":{"type":"string","description":"Specifies Argus Plan ID.","description_kind":"plain","computed":true},"project_id":{"type":"string","description":"Specifies the Project ID the Argus instance belongs to","description_kind":"plain","required":true},"targets_url":{"type":"string","description":"Specifies Targets URL.","description_kind":"plain","computed":true},"timeouts":{"nested_type":{"attributes":{"create":{"type":"string","description_kind":"plain","optional":true},"delete":{"type":"string","description_kind":"plain","optional":true},"update":{"type":"string","description_kind":"plain","optional":true}},"nesting_mode":"single"},"description_kind":"plain","optional":true,"computed":true},"zipkin_spans_url":{"type":"string","description_kind":"plain","computed":true}},"description":"Manages Argus Instances\n\n\u003cbr /\u003e\n\n-\u003e __Environment support__\u003cbr /\u003e\u003ctable style='border-collapse: separate; border-spacing: 0px; margin-top:-20px; margin-left: 24px; font-size: smaller;'\u003e\n\u003ctr\u003e\u003ctd style='width: 100px; background: #fbfcff; border: none;'\u003eProduction\u003c/td\u003e\u003ctd style='background: #fbfcff; border: none;'\u003ehttps://argus.api.stackit.cloud\u003c/td\u003e\u003c/tr\u003e\n\u003ctr\u003e\u003ctd style='background: #fbfcff; border: none;'\u003eQA\u003c/td\u003e\u003ctd style='background: #fbfcff; border: none;'\u003ehttps://argus.api.stg.stackit.cloud\u003c/td\u003e\u003c/tr\u003e\n\u003ctr\u003e\u003ctd style='background: #fbfcff; border: none;'\u003eDev\u003c/td\u003e\u003ctd style='background: #fbfcff; border: none;'\u003ehttps://argus.api.dev.stackit.cloud\u003c/td\u003e\u003c/tr\u003e\n\u003c/table\u003e\u003cbr /\u003e\n\u003csmall style='margin-left: 24px; margin-top: -5px; display: inline-block;'\u003e\u003ca href=\"https://registry.terraform.io/providers/SchwarzIT/stackit/latest/docs#environment\"\u003eBy default\u003c/a\u003e, production is used.\u003cbr /\u003eTo set a custom URL, set an environment variable \u003ccode\u003eSTACKIT_ARGUS_BASEURL\u003c/code\u003e\u003c/small\u003e\n\t","description_kind":"markdown"}},"stackit_argus_job":{"version":0,"block":{"attributes":{"argus_instance_id":{"type":"string","description":"Specifies the Argus Instance ID the job belongs to","description_kind":"plain","required":true},"basic_auth":{"nested_type":{"attributes":{"password":{"type":"string","description":"Specifies basic auth password","description_kind":"plain","required":true,"sensitive":true},"username":{"type":"string","description":"Specifies basic auth username","description_kind":"plain","required":true}},"nesting_mode":"single"},"description":"A basic_auth block","description_kind":"plain","optional":true},"id":{"type":"string","description":"Specifies the Argus Job ID","description_kind":"plain","computed":true},"metrics_path":{"type":"string","description":"Specifies the job scraping path. Defaults to `/metrics`","description_kind":"plain","optional":true,"computed":true},"name":{"type":"string","description":"Specifies the name of the scraping job","description_kind":"plain","required":true},"project_id":{"type":"string","description":"Specifies the Project ID the Argus instance belongs to","description_kind":"plain","required":true},"saml2":{"nested_type":{"attributes":{"enable_url_parameters":{"type":"bool","description":"Should URL parameters be enabled? Default is `true`","description_kind":"plain","optional":true,"computed":true}},"nesting_mode":"single"},"description":"A saml2 configuration block","description_kind":"plain","optional":true},"scheme":{"type":"string","description":"Specifies the scheme. Default is `https`.","description_kind":"plain","optional":true,"computed":true},"scrape_interval":{"type":"string","description":"Specifies the scrape interval as duration string. Default is `5m`.","description_kind":"plain","optional":true,"computed":true},"scrape_timeout":{"type":"string","description":"Specifies the scrape timeout as duration string. Default is `2m`.","description_kind":"plain","optional":true,"computed":true},"targets":{"nested_type":{"attributes":{"labels":{"type":["map","string"],"description":"Specifies labels","description_kind":"plain","optional":true},"urls":{"type":["list","string"],"description":"Specifies target URLs","description_kind":"plain","required":true}},"nesting_mode":"list"},"description":"targets list","description_kind":"plain","required":true}},"description":"Manages Argus Instance Jobs\n\n\u003cbr /\u003e\n\n-\u003e __Environment support__\u003cbr /\u003e\u003ctable style='border-collapse: separate; border-spacing: 0px; margin-top:-20px; margin-left: 24px; font-size: smaller;'\u003e\n\u003ctr\u003e\u003ctd style='width: 100px; background: #fbfcff; border: none;'\u003eProduction\u003c/td\u003e\u003ctd style='background: #fbfcff; border: none;'\u003ehttps://argus.api.stackit.cloud\u003c/td\u003e\u003c/tr\u003e\n\u003ctr\u003e\u003ctd style='background: #fbfcff; border: none;'\u003eQA\u003c/td\u003e\u003ctd style='background: #fbfcff; border: none;'\u003ehttps://argus.api.stg.stackit.cloud\u003c/td\u003e\u003c/tr\u003e\n\u003ctr\u003e\u003ctd style='background: #fbfcff; border: none;'\u003eDev\u003c/td\u003e\u003ctd style='background: #fbfcff; border: none;'\u003ehttps://argus.api.dev.stackit.cloud\u003c/td\u003e\u003c/tr\u003e\n\u003c/table\u003e\u003cbr /\u003e\n\u003csmall style='margin-left: 24px; margin-top: -5px; display: inline-block;'\u003e\u003ca href=\"https://registry.terraform.io/providers/SchwarzIT/stackit/latest/docs#environment\"\u003eBy default\u003c/a\u003e, production is used.\u003cbr /\u003eTo set a custom URL, set an environment variable \u003ccode\u003eSTACKIT_ARGUS_BASEURL\u003c/code\u003e\u003c/small\u003e\n\t","description_kind":"markdown"}},"stackit_elasticsearch_credential":{"version":0,"block":{"attributes":{"database_name":{"type":"string","description":"Database name","description_kind":"plain","computed":true},"host":{"type":"string","description":"Credential host","description_kind":"plain","computed":true},"hosts":{"type":["list","string"],"description":"Credential hosts","description_kind":"plain","computed":true},"id":{"type":"string","description":"Specifies the resource ID","description_kind":"plain","computed":true},"instance_id":{"type":"string","description":"Instance ID the credential belongs to","description_kind":"plain","required":true},"password":{"type":"string","description":"Credential password","description_kind":"plain","computed":true,"sensitive":true},"port":{"type":"number","description":"Credential port","description_kind":"plain","computed":true},"project_id":{"type":"string","description":"Project ID the credential belongs to","description_kind":"plain","required":true},"raw_response":{"type":"string","description":"The full API response (as JSON string)","description_kind":"plain","computed":true,"sensitive":true},"route_service_url":{"type":"string","description":"Credential route_service_url","description_kind":"plain","computed":true},"syslog_drain_url":{"type":"string","description":"Credential syslog_drain_url","description_kind":"plain","computed":true},"uri":{"type":"string","description":"The instance URI","description_kind":"plain","computed":true},"username":{"type":"string","description":"Credential username","description_kind":"plain","computed":true}},"description":"Manages ElasticSearch credentials\n\n\u003cbr /\u003e\n\n-\u003e __Environment support__\u003cbr /\u003e\u003ctable style='border-collapse: separate; border-spacing: 0px; margin-top:-20px; margin-left: 24px; font-size: smaller;'\u003e\n\u003ctr\u003e\u003ctd style='width: 100px; background: #fbfcff; border: none;'\u003eProduction\u003c/td\u003e\u003ctd style='background: #fbfcff; border: none;'\u003ehttps://elasticsearch.api.eu01.stackit.cloud\u003c/td\u003e\u003c/tr\u003e\n\u003ctr\u003e\u003ctd style='background: #fbfcff; border: none;'\u003eQA\u003c/td\u003e\u003ctd style='background: #fbfcff; border: none;'\u003ehttps://elasticsearch.api.eu01.qa.stackit.cloud\u003c/td\u003e\u003c/tr\u003e\n\u003ctr\u003e\u003ctd style='background: #fbfcff; border: none;'\u003eDev\u003c/td\u003e\u003ctd style='background: #fbfcff; border: none;'\u003ehttps://elasticsearch.api.eu01.dev.stackit.cloud\u003c/td\u003e\u003c/tr\u003e\n\u003c/table\u003e\u003cbr /\u003e\n\u003csmall style='margin-left: 24px; margin-top: -5px; display: inline-block;'\u003e\u003ca href=\"https://registry.terraform.io/providers/SchwarzIT/stackit/latest/docs#environment\"\u003eBy default\u003c/a\u003e, production is used.\u003cbr /\u003eTo set a custom URL, set an environment variable \u003ccode\u003eSTACKIT_ELASTICSEARCH_BASEURL\u003c/code\u003e\u003c/small\u003e\n\t","description_kind":"markdown"}},"stackit_elasticsearch_instance":{"version":0,"block":{"attributes":{"acl":{"type":["list","string"],"description":"Access Control rules to whitelist IP addresses","description_kind":"plain","optional":true,"computed":true},"cf_guid":{"type":"string","description":"Cloud Foundry GUID","description_kind":"plain","computed":true},"cf_organization_guid":{"type":"string","description":"Cloud Foundry Organization GUID","description_kind":"plain","computed":true},"cf_space_guid":{"type":"string","description":"Cloud Foundry Space GUID","description_kind":"plain","computed":true},"dashboard_url":{"type":"string","description":"Dashboard URL","description_kind":"plain","computed":true},"id":{"type":"string","description":"Specifies the resource ID","description_kind":"plain","computed":true},"name":{"type":"string","description":"Specifies the instance name. Changing this value requires the resource to be recreated. Changing this value requires the resource to be recreated.","description_kind":"plain","required":true},"plan":{"type":"string","description":"The ElasticSearch Plan. Default is `stackit-elasticsearch-1.4.10-single`","description_kind":"markdown","optional":true,"computed":true},"plan_id":{"type":"string","description":"The selected plan ID","description_kind":"plain","computed":true},"project_id":{"type":"string","description":"The project ID.","description_kind":"plain","required":true},"timeouts":{"nested_type":{"attributes":{"create":{"type":"string","description_kind":"plain","optional":true},"delete":{"type":"string","description_kind":"plain","optional":true},"update":{"type":"string","description_kind":"plain","optional":true}},"nesting_mode":"single"},"description_kind":"plain","optional":true,"computed":true},"version":{"type":"string","description":"ElasticSearch version. Default is 7","description_kind":"markdown","optional":true,"computed":true}},"description":"Manages ElasticSearch instances\n\n\u003cbr /\u003e\n\n-\u003e __Environment support__\u003cbr /\u003e\u003ctable style='border-collapse: separate; border-spacing: 0px; margin-top:-20px; margin-left: 24px; font-size: smaller;'\u003e\n\u003ctr\u003e\u003ctd style='width: 100px; background: #fbfcff; border: none;'\u003eProduction\u003c/td\u003e\u003ctd style='background: #fbfcff; border: none;'\u003ehttps://elasticsearch.api.eu01.stackit.cloud\u003c/td\u003e\u003c/tr\u003e\n\u003ctr\u003e\u003ctd style='background: #fbfcff; border: none;'\u003eQA\u003c/td\u003e\u003ctd style='background: #fbfcff; border: none;'\u003ehttps://elasticsearch.api.eu01.qa.stackit.cloud\u003c/td\u003e\u003c/tr\u003e\n\u003ctr\u003e\u003ctd style='background: #fbfcff; border: none;'\u003eDev\u003c/td\u003e\u003ctd style='background: #fbfcff; border: none;'\u003ehttps://elasticsearch.api.eu01.dev.stackit.cloud\u003c/td\u003e\u003c/tr\u003e\n\u003c/table\u003e\u003cbr /\u003e\n\u003csmall style='margin-left: 24px; margin-top: -5px; display: inline-block;'\u003e\u003ca href=\"https://registry.terraform.io/providers/SchwarzIT/stackit/latest/docs#environment\"\u003eBy default\u003c/a\u003e, production is used.\u003cbr /\u003eTo set a custom URL, set an environment variable \u003ccode\u003eSTACKIT_ELASTICSEARCH_BASEURL\u003c/code\u003e\u003c/small\u003e\n\t","description_kind":"markdown"}},"stackit_kubernetes_cluster":{"version":0,"block":{"attributes":{"allow_privileged_containers":{"type":"bool","description":"Should containers be allowed to run in privileged mode? Default is `true`","description_kind":"plain","optional":true,"computed":true},"extensions":{"nested_type":{"attributes":{"acl":{"nested_type":{"attributes":{"allowed_cidrs":{"type":["list","string"],"description":"Specify a list of CIDRs to whitelist","description_kind":"plain","optional":true,"computed":true},"enabled":{"type":"bool","description":"Is ACL enabled? Defaults to `false`","description_kind":"plain","optional":true,"computed":true}},"nesting_mode":"single"},"description":"Cluster access control configuration","description_kind":"plain","optional":true},"argus":{"nested_type":{"attributes":{"argus_instance_id":{"type":"string","description":"Instance ID of argus, Required when enabled is set to `true`","description_kind":"plain","optional":true},"enabled":{"type":"bool","description":"Flag to enable/disable argus extensions. Defaults to `false`","description_kind":"plain","optional":true,"computed":true}},"nesting_mode":"single"},"description":"A single argus block as defined below","description_kind":"plain","optional":true}},"nesting_mode":"single"},"description":"A single extensions block as defined below","description_kind":"plain","optional":true},"hibernations":{"nested_type":{"attributes":{"end":{"type":"string","description":"End time of hibernation, in crontab syntax, i.e. `0 8 * * *` for waking up the cluster at 8am","description_kind":"plain","required":true},"start":{"type":"string","description":"Start time of cluster hibernation, in crontab syntax, i.e. `0 18 * * *` for starting everyday at 6pm","description_kind":"plain","required":true},"timezone":{"type":"string","description":"Timezone name corresponding to a file in the IANA Time Zone database. i.e. `Europe/Berlin`","description_kind":"plain","optional":true}},"nesting_mode":"list"},"description":"One or more hibernation block as defined below","description_kind":"plain","optional":true},"id":{"type":"string","description":"Specifies the resource ID","description_kind":"plain","computed":true},"kube_config":{"type":"string","description":"Kube config file used for connecting to the cluster","description_kind":"plain","computed":true,"sensitive":true},"kubernetes_project_id":{"type":"string","description":"The ID of a `stackit_kubernetes_project` resource","description_kind":"plain","required":true},"kubernetes_version":{"type":"string","description":"Kubernetes version. Allowed Options are: `1.22`, `1.23`, `1.24`, or a full version including patch (not recommended).","description_kind":"plain","optional":true,"computed":true},"kubernetes_version_used":{"type":"string","description":"Full Kubernetes version used. For example, if `1.22` was selected, this value may result to `1.22.15`","description_kind":"plain","computed":true},"maintenance":{"nested_type":{"attributes":{"enable_kubernetes_version_updates":{"type":"bool","description":"Flag to enable/disable auto-updates of the Kubernetes version","description_kind":"plain","required":true},"enable_machine_image_version_updates":{"type":"bool","description":"Flag to enable/disable auto-updates of the OS image version","description_kind":"plain","required":true},"end":{"type":"string","description":"RFC3339 Date time for maintenance window end. i.e. `2019-08-24T23:30:00Z`","description_kind":"plain","required":true},"start":{"type":"string","description":"RFC3339 Date time for maintenance window start. i.e. `2019-08-24T23:00:00Z`","description_kind":"plain","required":true}},"nesting_mode":"single"},"description":"A single maintenance block as defined below","description_kind":"plain","optional":true},"name":{"type":"string","description":"Specifies the cluster name (lower case, alphanumeric, hypens allowed, up to 11 chars)","description_kind":"plain","required":true},"node_pools":{"nested_type":{"attributes":{"container_runtime":{"type":"string","description":"Specifies the container runtime. Defaults to `containerd`. Allowed options are `docker`, `containerd`","description_kind":"plain","optional":true,"computed":true},"labels":{"type":["map","string"],"description":"Labels to add to each node","description_kind":"plain","optional":true,"computed":true},"machine_type":{"type":"string","description":"The machine type. Accepted options are: `c1.2`, `c1.3`, `c1.4`, `c1.5`, `g1.2`, `g1.3`, `g1.4`, `g1.5`, `m1.2`, `m1.3`, `m1.4`","description_kind":"plain","required":true},"max_surge":{"type":"number","description":"The maximum number of nodes upgraded simultaneously. Defaults to 1. (Value must be between 1-10)","description_kind":"plain","optional":true,"computed":true},"max_unavailable":{"type":"number","description":"The maximum number of nodes unavailable during upgraded. Defaults to 1","description_kind":"plain","optional":true,"computed":true},"maximum":{"type":"number","description":"Maximum nodes in the pool. Defaults to 2. (Value must be between 1-100)","description_kind":"plain","optional":true,"computed":true},"minimum":{"type":"number","description":"Minimum nodes in the pool. Defaults to 1. (Value must be between 1-100)","description_kind":"plain","optional":true,"computed":true},"name":{"type":"string","description":"Specifies the name of the node pool","description_kind":"plain","required":true},"os_name":{"type":"string","description":"The name of the OS image. Only `flatcar` is supported","description_kind":"plain","optional":true,"computed":true},"os_version":{"type":"string","description":"The OS image version.","description_kind":"plain","optional":true,"computed":true},"taints":{"nested_type":{"attributes":{"effect":{"type":"string","description":"The taint effect. Only `PreferNoSchedule` is supported at the moment","description_kind":"plain","required":true},"key":{"type":"string","description":"Taint key to be applied to a node","description_kind":"plain","required":true},"value":{"type":"string","description":"Taint value corresponding to the taint key","description_kind":"plain","optional":true}},"nesting_mode":"list"},"description":"Specifies a taint list as defined below","description_kind":"plain","optional":true},"volume_size_gb":{"type":"number","description":"The volume size in GB. Default is set to `20`","description_kind":"plain","optional":true,"computed":true},"volume_type":{"type":"string","description":"Specifies the volume type. Defaults to `storage_premium_perf1`. Available options are `storage_premium_perf0`, `storage_premium_perf1`, `storage_premium_perf2`, `storage_premium_perf4`, `storage_premium_perf6`","description_kind":"plain","optional":true,"computed":true},"zones":{"type":["list","string"],"description":"Specify a list of availability zones. Accepted options are `eu01-m` for metro, or `eu01-1`, `eu01-2`, `eu01-3`","description_kind":"plain","optional":true,"computed":true}},"nesting_mode":"list"},"description":"One or more `node_pool` block as defined below","description_kind":"plain","optional":true},"status":{"type":"string","description":"The cluster's aggregated status","description_kind":"plain","computed":true},"timeouts":{"nested_type":{"attributes":{"create":{"type":"string","description_kind":"plain","optional":true},"delete":{"type":"string","description_kind":"plain","optional":true},"update":{"type":"string","description_kind":"plain","optional":true}},"nesting_mode":"single"},"description_kind":"plain","optional":true,"computed":true}},"description":"Manages kubernetes clusters\n\n\u003cbr /\u003e\n\n-\u003e __Environment support__\u003cbr /\u003e\u003ctable style='border-collapse: separate; border-spacing: 0px; margin-top:-20px; margin-left: 24px; font-size: smaller;'\u003e\n\u003ctr\u003e\u003ctd style='width: 100px; background: #fbfcff; border: none;'\u003eProduction\u003c/td\u003e\u003ctd style='background: #fbfcff; border: none;'\u003ehttps://ske.api.eu01.stackit.cloud/\u003c/td\u003e\u003c/tr\u003e\n\u003ctr\u003e\u003ctd style='background: #fbfcff; border: none;'\u003eQA\u003c/td\u003e\u003ctd style='background: #fbfcff; border: none;'\u003ehttps://ske.api.eu01.stg.stackit.cloud/\u003c/td\u003e\u003c/tr\u003e\n\u003ctr\u003e\u003ctd style='background: #fbfcff; border: none;'\u003eDev\u003c/td\u003e\u003ctd style='background: #fbfcff; border: none;'\u003ehttps://ske.api.eu01.dev.stackit.cloud/\u003c/td\u003e\u003c/tr\u003e\n\u003c/table\u003e\u003cbr /\u003e\n\u003csmall style='margin-left: 24px; margin-top: -5px; display: inline-block;'\u003e\u003ca href=\"https://registry.terraform.io/providers/SchwarzIT/stackit/latest/docs#environment\"\u003eBy default\u003c/a\u003e, production is used.\u003cbr /\u003eTo set a custom URL, set an environment variable \u003ccode\u003eSTACKIT_KUBERNETES_BASEURL\u003c/code\u003e\u003c/small\u003e\n\t","description_kind":"markdown"}},"stackit_kubernetes_project":{"version":0,"block":{"attributes":{"id":{"type":"string","description":"kubernetes project ID","description_kind":"plain","computed":true},"project_id":{"type":"string","description":"the project UUID that SKE will be enabled in","description_kind":"plain","required":true},"timeouts":{"nested_type":{"attributes":{"create":{"type":"string","description_kind":"plain","optional":true},"delete":{"type":"string","description_kind":"plain","optional":true}},"nesting_mode":"single"},"description_kind":"plain","optional":true,"computed":true}},"description":"This resource enables STACKIT Kubernetes Engine (SKE) in a project\n\n\u003cbr /\u003e\n\n-\u003e __Environment support__\u003cbr /\u003e\u003ctable style='border-collapse: separate; border-spacing: 0px; margin-top:-20px; margin-left: 24px; font-size: smaller;'\u003e\n\u003ctr\u003e\u003ctd style='width: 100px; background: #fbfcff; border: none;'\u003eProduction\u003c/td\u003e\u003ctd style='background: #fbfcff; border: none;'\u003ehttps://ske.api.eu01.stackit.cloud/\u003c/td\u003e\u003c/tr\u003e\n\u003ctr\u003e\u003ctd style='background: #fbfcff; border: none;'\u003eQA\u003c/td\u003e\u003ctd style='background: #fbfcff; border: none;'\u003ehttps://ske.api.eu01.stg.stackit.cloud/\u003c/td\u003e\u003c/tr\u003e\n\u003ctr\u003e\u003ctd style='background: #fbfcff; border: none;'\u003eDev\u003c/td\u003e\u003ctd style='background: #fbfcff; border: none;'\u003ehttps://ske.api.eu01.dev.stackit.cloud/\u003c/td\u003e\u003c/tr\u003e\n\u003c/table\u003e\u003cbr /\u003e\n\u003csmall style='margin-left: 24px; margin-top: -5px; display: inline-block;'\u003e\u003ca href=\"https://registry.terraform.io/providers/SchwarzIT/stackit/latest/docs#environment\"\u003eBy default\u003c/a\u003e, production is used.\u003cbr /\u003eTo set a custom URL, set an environment variable \u003ccode\u003eSTACKIT_KUBERNETES_BASEURL\u003c/code\u003e\u003c/small\u003e\n\t","description_kind":"markdown"}},"stackit_logme_credential":{"version":0,"block":{"attributes":{"database_name":{"type":"string","description":"Database name","description_kind":"plain","computed":true},"host":{"type":"string","description":"Credential host","description_kind":"plain","computed":true},"hosts":{"type":["list","string"],"description":"Credential hosts","description_kind":"plain","computed":true},"id":{"type":"string","description":"Specifies the resource ID","description_kind":"plain","computed":true},"instance_id":{"type":"string","description":"Instance ID the credential belongs to","description_kind":"plain","required":true},"password":{"type":"string","description":"Credential password","description_kind":"plain","computed":true,"sensitive":true},"port":{"type":"number","description":"Credential port","description_kind":"plain","computed":true},"project_id":{"type":"string","description":"Project ID the credential belongs to","description_kind":"plain","required":true},"raw_response":{"type":"string","description":"The full API response (as JSON string)","description_kind":"plain","computed":true,"sensitive":true},"route_service_url":{"type":"string","description":"Credential route_service_url","description_kind":"plain","computed":true},"syslog_drain_url":{"type":"string","description":"Credential syslog_drain_url","description_kind":"plain","computed":true},"uri":{"type":"string","description":"The instance URI","description_kind":"plain","computed":true},"username":{"type":"string","description":"Credential username","description_kind":"plain","computed":true}},"description":"Manages LogMe credentials\n\n\u003cbr /\u003e\n\n-\u003e __Environment support__\u003cbr /\u003e\u003ctable style='border-collapse: separate; border-spacing: 0px; margin-top:-20px; margin-left: 24px; font-size: smaller;'\u003e\n\u003ctr\u003e\u003ctd style='width: 100px; background: #fbfcff; border: none;'\u003eProduction\u003c/td\u003e\u003ctd style='background: #fbfcff; border: none;'\u003ehttps://logme.api.eu01.stackit.cloud\u003c/td\u003e\u003c/tr\u003e\n\u003ctr\u003e\u003ctd style='background: #fbfcff; border: none;'\u003eQA\u003c/td\u003e\u003ctd style='background: #fbfcff; border: none;'\u003ehttps://logme.api.eu01.qa.stackit.cloud\u003c/td\u003e\u003c/tr\u003e\n\u003ctr\u003e\u003ctd style='background: #fbfcff; border: none;'\u003eDev\u003c/td\u003e\u003ctd style='background: #fbfcff; border: none;'\u003ehttps://logme.api.eu01.dev.stackit.cloud\u003c/td\u003e\u003c/tr\u003e\n\u003c/table\u003e\u003cbr /\u003e\n\u003csmall style='margin-left: 24px; margin-top: -5px; display: inline-block;'\u003e\u003ca href=\"https://registry.terraform.io/providers/SchwarzIT/stackit/latest/docs#environment\"\u003eBy default\u003c/a\u003e, production is used.\u003cbr /\u003eTo set a custom URL, set an environment variable \u003ccode\u003eSTACKIT_LOGME_BASEURL\u003c/code\u003e\u003c/small\u003e\n\t","description_kind":"markdown"}},"stackit_logme_instance":{"version":0,"block":{"attributes":{"acl":{"type":["list","string"],"description":"Access Control rules to whitelist IP addresses","description_kind":"plain","optional":true,"computed":true},"cf_guid":{"type":"string","description":"Cloud Foundry GUID","description_kind":"plain","computed":true},"cf_organization_guid":{"type":"string","description":"Cloud Foundry Organization GUID","description_kind":"plain","computed":true},"cf_space_guid":{"type":"string","description":"Cloud Foundry Space GUID","description_kind":"plain","computed":true},"dashboard_url":{"type":"string","description":"Dashboard URL","description_kind":"plain","computed":true},"id":{"type":"string","description":"Specifies the resource ID","description_kind":"plain","computed":true},"name":{"type":"string","description":"Specifies the instance name. Changing this value requires the resource to be recreated. Changing this value requires the resource to be recreated.","description_kind":"plain","required":true},"plan":{"type":"string","description":"The LogMe Plan. Default is `stackit-logme2-1.4.10-single`","description_kind":"markdown","optional":true,"computed":true},"plan_id":{"type":"string","description":"The selected plan ID","description_kind":"plain","computed":true},"project_id":{"type":"string","description":"The project ID.","description_kind":"plain","required":true},"timeouts":{"nested_type":{"attributes":{"create":{"type":"string","description_kind":"plain","optional":true},"delete":{"type":"string","description_kind":"plain","optional":true},"update":{"type":"string","description_kind":"plain","optional":true}},"nesting_mode":"single"},"description_kind":"plain","optional":true,"computed":true},"version":{"type":"string","description":"LogMe version. Default is 2","description_kind":"markdown","optional":true,"computed":true}},"description":"Manages LogMe instances\n\n\u003cbr /\u003e\n\n-\u003e __Environment support__\u003cbr /\u003e\u003ctable style='border-collapse: separate; border-spacing: 0px; margin-top:-20px; margin-left: 24px; font-size: smaller;'\u003e\n\u003ctr\u003e\u003ctd style='width: 100px; background: #fbfcff; border: none;'\u003eProduction\u003c/td\u003e\u003ctd style='background: #fbfcff; border: none;'\u003ehttps://logme.api.eu01.stackit.cloud\u003c/td\u003e\u003c/tr\u003e\n\u003ctr\u003e\u003ctd style='background: #fbfcff; border: none;'\u003eQA\u003c/td\u003e\u003ctd style='background: #fbfcff; border: none;'\u003ehttps://logme.api.eu01.qa.stackit.cloud\u003c/td\u003e\u003c/tr\u003e\n\u003ctr\u003e\u003ctd style='background: #fbfcff; border: none;'\u003eDev\u003c/td\u003e\u003ctd style='background: #fbfcff; border: none;'\u003ehttps://logme.api.eu01.dev.stackit.cloud\u003c/td\u003e\u003c/tr\u003e\n\u003c/table\u003e\u003cbr /\u003e\n\u003csmall style='margin-left: 24px; margin-top: -5px; display: inline-block;'\u003e\u003ca href=\"https://registry.terraform.io/providers/SchwarzIT/stackit/latest/docs#environment\"\u003eBy default\u003c/a\u003e, production is used.\u003cbr /\u003eTo set a custom URL, set an environment variable \u003ccode\u003eSTACKIT_LOGME_BASEURL\u003c/code\u003e\u003c/small\u003e\n\t","description_kind":"markdown"}},"stackit_mariadb_credential":{"version":0,"block":{"attributes":{"database_name":{"type":"string","description":"Database name","description_kind":"plain","computed":true},"host":{"type":"string","description":"Credential host","description_kind":"plain","computed":true},"hosts":{"type":["list","string"],"description":"Credential hosts","description_kind":"plain","computed":true},"id":{"type":"string","description":"Specifies the resource ID","description_kind":"plain","computed":true},"instance_id":{"type":"string","description":"Instance ID the credential belongs to","description_kind":"plain","required":true},"password":{"type":"string","description":"Credential password","description_kind":"plain","computed":true,"sensitive":true},"port":{"type":"number","description":"Credential port","description_kind":"plain","computed":true},"project_id":{"type":"string","description":"Project ID the credential belongs to","description_kind":"plain","required":true},"raw_response":{"type":"string","description":"The full API response (as JSON string)","description_kind":"plain","computed":true,"sensitive":true},"route_service_url":{"type":"string","description":"Credential route_service_url","description_kind":"plain","computed":true},"syslog_drain_url":{"type":"string","description":"Credential syslog_drain_url","description_kind":"plain","computed":true},"uri":{"type":"string","description":"The instance URI","description_kind":"plain","computed":true},"username":{"type":"string","description":"Credential username","description_kind":"plain","computed":true}},"description":"Manages MariaDB credentials\n\n\u003cbr /\u003e\n\n-\u003e __Environment support__\u003cbr /\u003e\u003ctable style='border-collapse: separate; border-spacing: 0px; margin-top:-20px; margin-left: 24px; font-size: smaller;'\u003e\n\u003ctr\u003e\u003ctd style='width: 100px; background: #fbfcff; border: none;'\u003eProduction\u003c/td\u003e\u003ctd style='background: #fbfcff; border: none;'\u003ehttps://mariadb.api.eu01.stackit.cloud\u003c/td\u003e\u003c/tr\u003e\n\u003ctr\u003e\u003ctd style='background: #fbfcff; border: none;'\u003eQA\u003c/td\u003e\u003ctd style='background: #fbfcff; border: none;'\u003ehttps://mariadb.api.eu01.qa.stackit.cloud\u003c/td\u003e\u003c/tr\u003e\n\u003ctr\u003e\u003ctd style='background: #fbfcff; border: none;'\u003eDev\u003c/td\u003e\u003ctd style='background: #fbfcff; border: none;'\u003ehttps://mariadb.api.eu01.dev.stackit.cloud\u003c/td\u003e\u003c/tr\u003e\n\u003c/table\u003e\u003cbr /\u003e\n\u003csmall style='margin-left: 24px; margin-top: -5px; display: inline-block;'\u003e\u003ca href=\"https://registry.terraform.io/providers/SchwarzIT/stackit/latest/docs#environment\"\u003eBy default\u003c/a\u003e, production is used.\u003cbr /\u003eTo set a custom URL, set an environment variable \u003ccode\u003eSTACKIT_MARIADB_BASEURL\u003c/code\u003e\u003c/small\u003e\n\t","description_kind":"markdown"}},"stackit_mariadb_instance":{"version":0,"block":{"attributes":{"acl":{"type":["list","string"],"description":"Access Control rules to whitelist IP addresses","description_kind":"plain","optional":true,"computed":true},"cf_guid":{"type":"string","description":"Cloud Foundry GUID","description_kind":"plain","computed":true},"cf_organization_guid":{"type":"string","description":"Cloud Foundry Organization GUID","description_kind":"plain","computed":true},"cf_space_guid":{"type":"string","description":"Cloud Foundry Space GUID","description_kind":"plain","computed":true},"dashboard_url":{"type":"string","description":"Dashboard URL","description_kind":"plain","computed":true},"id":{"type":"string","description":"Specifies the resource ID","description_kind":"plain","computed":true},"name":{"type":"string","description":"Specifies the instance name. Changing this value requires the resource to be recreated. Changing this value requires the resource to be recreated.","description_kind":"plain","required":true},"plan":{"type":"string","description":"The MariaDB Plan. Default is `stackit-mariadb-1.4.10-single`","description_kind":"markdown","optional":true,"computed":true},"plan_id":{"type":"string","description":"The selected plan ID","description_kind":"plain","computed":true},"project_id":{"type":"string","description":"The project ID.","description_kind":"plain","required":true},"timeouts":{"nested_type":{"attributes":{"create":{"type":"string","description_kind":"plain","optional":true},"delete":{"type":"string","description_kind":"plain","optional":true},"update":{"type":"string","description_kind":"plain","optional":true}},"nesting_mode":"single"},"description_kind":"plain","optional":true,"computed":true},"version":{"type":"string","description":"MariaDB version. Default is 10.6","description_kind":"markdown","optional":true,"computed":true}},"description":"Manages MariaDB instances\n\n\u003cbr /\u003e\n\n-\u003e __Environment support__\u003cbr /\u003e\u003ctable style='border-collapse: separate; border-spacing: 0px; margin-top:-20px; margin-left: 24px; font-size: smaller;'\u003e\n\u003ctr\u003e\u003ctd style='width: 100px; background: #fbfcff; border: none;'\u003eProduction\u003c/td\u003e\u003ctd style='background: #fbfcff; border: none;'\u003ehttps://mariadb.api.eu01.stackit.cloud\u003c/td\u003e\u003c/tr\u003e\n\u003ctr\u003e\u003ctd style='background: #fbfcff; border: none;'\u003eQA\u003c/td\u003e\u003ctd style='background: #fbfcff; border: none;'\u003ehttps://mariadb.api.eu01.qa.stackit.cloud\u003c/td\u003e\u003c/tr\u003e\n\u003ctr\u003e\u003ctd style='background: #fbfcff; border: none;'\u003eDev\u003c/td\u003e\u003ctd style='background: #fbfcff; border: none;'\u003ehttps://mariadb.api.eu01.dev.stackit.cloud\u003c/td\u003e\u003c/tr\u003e\n\u003c/table\u003e\u003cbr /\u003e\n\u003csmall style='margin-left: 24px; margin-top: -5px; display: inline-block;'\u003e\u003ca href=\"https://registry.terraform.io/providers/SchwarzIT/stackit/latest/docs#environment\"\u003eBy default\u003c/a\u003e, production is used.\u003cbr /\u003eTo set a custom URL, set an environment variable \u003ccode\u003eSTACKIT_MARIADB_BASEURL\u003c/code\u003e\u003c/small\u003e\n\t","description_kind":"markdown"}},"stackit_mongodb_flex_instance":{"version":0,"block":{"attributes":{"acl":{"type":["list","string"],"description":"Whitelist IP address ranges. Default is [193.148.160.0/19 45.129.40.0/21 45.135.244.0/22]","description_kind":"plain","optional":true,"computed":true},"backup_schedule":{"type":"string","description":"Specifies the backup schedule (cron style).","description_kind":"plain","optional":true,"computed":true},"id":{"type":"string","description":"Specifies the resource ID.","description_kind":"plain","computed":true},"labels":{"type":["map","string"],"description":"Instance Labels","description_kind":"plain","optional":true},"machine_type":{"type":"string","description":"The Machine Type. Available options: `1.1` (1 CPU, 1 Memory), `1.2` (1 CPU, 2 Memory), `1.4` (1 CPU, 4 Memory), `1.8` (1 CPU, 8 Memory), `2.4` (2 CPU, 4 Memory), `2.8` (2 CPU, 8 Memory), `2.16` (2 CPU, 16 Memory), `4.8` (4 CPU, 8 Memory), `4.16` (4 CPU, 16 Memory), `4.32` (4 CPU, 32 Memory), `8.16` (8 CPU, 16 Memory), `8.32` (8 CPU, 32 Memory), `8.64` (8 CPU, 64 Memory), `16.32` (16 CPU, 32 Memory), `16.64` (16 CPU, 64 Memory)","description_kind":"plain","required":true},"name":{"type":"string","description":"Specifies the instance name.","description_kind":"plain","required":true},"project_id":{"type":"string","description":"The project ID the instance runs in. Changing this value requires the resource to be recreated.","description_kind":"plain","required":true},"replicas":{"type":"number","description":"Number of replicas (Default is `1`).","description_kind":"plain","optional":true,"computed":true},"storage":{"nested_type":{"attributes":{"class":{"type":"string","description":"Specifies the storage class. Available option: `premium-perf2-mongodb`","description_kind":"plain","optional":true,"computed":true},"size":{"type":"number","description":"The storage size in GB (Default is `10`).","description_kind":"plain","optional":true,"computed":true}},"nesting_mode":"single"},"description":"A single `storage` block as defined below.","description_kind":"plain","optional":true,"computed":true},"timeouts":{"nested_type":{"attributes":{"create":{"type":"string","description_kind":"plain","optional":true},"delete":{"type":"string","description_kind":"plain","optional":true},"update":{"type":"string","description_kind":"plain","optional":true}},"nesting_mode":"single"},"description_kind":"plain","optional":true,"computed":true},"type":{"type":"string","description":"The service type. Available options: `Single`, `Replica`, `Sharded`. Changing this value requires the resource to be recreated.","description_kind":"plain","optional":true,"computed":true},"version":{"type":"string","description":"MongoDB version. Version `5.0` and `6.0` are supported. ","description_kind":"plain","optional":true,"computed":true}},"description":"Manages MongoDB Flex instances\n\n\u003cbr /\u003e\n\n-\u003e __Environment support__\u003cbr /\u003e\u003ctable style='border-collapse: separate; border-spacing: 0px; margin-top:-20px; margin-left: 24px; font-size: smaller;'\u003e\n\u003ctr\u003e\u003ctd style='width: 100px; background: #fbfcff; border: none;'\u003eProduction\u003c/td\u003e\u003ctd style='background: #fbfcff; border: none;'\u003ehttps://api.stackit.cloud/mongodb/v1/\u003c/td\u003e\u003c/tr\u003e\n\u003ctr\u003e\u003ctd style='background: #fbfcff; border: none;'\u003eQA\u003c/td\u003e\u003ctd style='background: #fbfcff; border: none;'\u003ehttps://api-qa.stackit.cloud/mongodb/v1/\u003c/td\u003e\u003c/tr\u003e\n\u003ctr\u003e\u003ctd style='background: #fbfcff; border: none;'\u003eDev\u003c/td\u003e\u003ctd style='background: #fbfcff; border: none;'\u003ehttps://api-dev.stackit.cloud/mongodb/v1/\u003c/td\u003e\u003c/tr\u003e\n\u003c/table\u003e\u003cbr /\u003e\n\u003csmall style='margin-left: 24px; margin-top: -5px; display: inline-block;'\u003e\u003ca href=\"https://registry.terraform.io/providers/SchwarzIT/stackit/latest/docs#environment\"\u003eBy default\u003c/a\u003e, production is used.\u003cbr /\u003eTo set a custom URL, set an environment variable \u003ccode\u003eSTACKIT_MONGODB_FLEX_BASEURL\u003c/code\u003e\u003c/small\u003e\n\t","description_kind":"markdown"}},"stackit_mongodb_flex_user":{"version":0,"block":{"attributes":{"database":{"type":"string","description":"Specifies the database the user can access","description_kind":"plain","optional":true,"computed":true},"host":{"type":"string","description":"Specifies the allowed user hostname","description_kind":"plain","computed":true},"id":{"type":"string","description":"Specifies the resource ID","description_kind":"plain","computed":true},"instance_id":{"type":"string","description":"the mongo db flex instance id.","description_kind":"plain","required":true},"password":{"type":"string","description":"Specifies the user's password","description_kind":"plain","computed":true,"sensitive":true},"port":{"type":"number","description":"Specifies the port","description_kind":"plain","computed":true},"project_id":{"type":"string","description":"The project ID the instance runs in. Changing this value requires the resource to be recreated.","description_kind":"plain","required":true},"roles":{"type":["list","string"],"description":"Specifies the role assigned to the user, valid options are: `readWrite`, `read`","description_kind":"plain","optional":true,"computed":true},"uri":{"type":"string","description":"Specifies connection URI","description_kind":"plain","computed":true,"sensitive":true},"username":{"type":"string","description":"Specifies the user's username","description_kind":"plain","optional":true,"computed":true}},"description":"Manages MongoDB Flex instance users\n\n\u003cbr /\u003e\n\n-\u003e __Environment support__\u003cbr /\u003e\u003ctable style='border-collapse: separate; border-spacing: 0px; margin-top:-20px; margin-left: 24px; font-size: smaller;'\u003e\n\u003ctr\u003e\u003ctd style='width: 100px; background: #fbfcff; border: none;'\u003eProduction\u003c/td\u003e\u003ctd style='background: #fbfcff; border: none;'\u003ehttps://api.stackit.cloud/mongodb/v1/\u003c/td\u003e\u003c/tr\u003e\n\u003ctr\u003e\u003ctd style='background: #fbfcff; border: none;'\u003eQA\u003c/td\u003e\u003ctd style='background: #fbfcff; border: none;'\u003ehttps://api-qa.stackit.cloud/mongodb/v1/\u003c/td\u003e\u003c/tr\u003e\n\u003ctr\u003e\u003ctd style='background: #fbfcff; border: none;'\u003eDev\u003c/td\u003e\u003ctd style='background: #fbfcff; border: none;'\u003ehttps://api-dev.stackit.cloud/mongodb/v1/\u003c/td\u003e\u003c/tr\u003e\n\u003c/table\u003e\u003cbr /\u003e\n\u003csmall style='margin-left: 24px; margin-top: -5px; display: inline-block;'\u003e\u003ca href=\"https://registry.terraform.io/providers/SchwarzIT/stackit/latest/docs#environment\"\u003eBy default\u003c/a\u003e, production is used.\u003cbr /\u003eTo set a custom URL, set an environment variable \u003ccode\u003eSTACKIT_MONGODB_FLEX_BASEURL\u003c/code\u003e\u003c/small\u003e\n\t","description_kind":"markdown"}},"stackit_object_storage_bucket":{"version":0,"block":{"attributes":{"host_style_url":{"type":"string","description":"url with dedicated host name","description_kind":"plain","computed":true},"id":{"type":"string","description":"Specifies the resource ID","description_kind":"plain","computed":true},"name":{"type":"string","description":"Bucket name","description_kind":"plain","required":true},"object_storage_project_id":{"type":"string","description":"The ID returned from `stackit_object_storage_project`","description_kind":"plain","required":true},"path_style_url":{"type":"string","description":"url with path to the bucket","description_kind":"plain","computed":true},"region":{"type":"string","description":"the region where the bucket was created","description_kind":"plain","computed":true},"timeouts":{"nested_type":{"attributes":{"create":{"type":"string","description_kind":"plain","optional":true},"delete":{"type":"string","description_kind":"plain","optional":true}},"nesting_mode":"single"},"description_kind":"plain","optional":true,"computed":true}},"description":"Manages Object Storage buckets\n\n\u003cbr /\u003e\n\n-\u003e __Environment support__\u003cbr /\u003e\u003ctable style='border-collapse: separate; border-spacing: 0px; margin-top:-20px; margin-left: 24px; font-size: smaller;'\u003e\n\u003ctr\u003e\u003ctd style='width: 100px; background: #fbfcff; border: none;'\u003eProduction\u003c/td\u003e\u003ctd style='background: #fbfcff; border: none;'\u003ehttps://api.stackit.cloud/object-storage-api/\u003c/td\u003e\u003c/tr\u003e\n\u003ctr\u003e\u003ctd style='background: #fbfcff; border: none;'\u003eQA\u003c/td\u003e\u003ctd style='background: #fbfcff; border: none;'\u003ehttps://api-qa.stackit.cloud/object-storage-api/\u003c/td\u003e\u003c/tr\u003e\n\u003ctr\u003e\u003ctd style='background: #fbfcff; border: none;'\u003eDev\u003c/td\u003e\u003ctd style='background: #fbfcff; border: none;'\u003ehttps://api-dev.stackit.cloud/object-storage-api/\u003c/td\u003e\u003c/tr\u003e\n\u003c/table\u003e\u003cbr /\u003e\n\u003csmall style='margin-left: 24px; margin-top: -5px; display: inline-block;'\u003e\u003ca href=\"https://registry.terraform.io/providers/SchwarzIT/stackit/latest/docs#environment\"\u003eBy default\u003c/a\u003e, production is used.\u003cbr /\u003eTo set a custom URL, set an environment variable \u003ccode\u003eSTACKIT_OBJECT_STORAGE_BASEURL\u003c/code\u003e\u003c/small\u003e\n\t","description_kind":"markdown"}},"stackit_object_storage_credential":{"version":0,"block":{"attributes":{"access_key":{"type":"string","description":"access key (sensitive)","description_kind":"plain","computed":true,"sensitive":true},"credentials_group_id":{"type":"string","description":"credential group ID. changing this field will recreate the credential.","description_kind":"plain","optional":true,"computed":true},"display_name":{"type":"string","description":"the credential's display name in the portal","description_kind":"plain","computed":true},"expiry":{"type":"string","description":"specifies if the credential should expire. changing this field will recreate the credential.","description_kind":"plain","optional":true,"computed":true},"id":{"type":"string","description":"the credential ID","description_kind":"plain","computed":true},"object_storage_project_id":{"type":"string","description":"The ID returned from `stackit_object_storage_project`","description_kind":"plain","required":true},"secret_access_key":{"type":"string","description":"secret access key (sensitive)","description_kind":"plain","computed":true,"sensitive":true}},"description":"Manages Object Storage credentials\n\n\u003cbr /\u003e\n\n-\u003e __Environment support__\u003cbr /\u003e\u003ctable style='border-collapse: separate; border-spacing: 0px; margin-top:-20px; margin-left: 24px; font-size: smaller;'\u003e\n\u003ctr\u003e\u003ctd style='width: 100px; background: #fbfcff; border: none;'\u003eProduction\u003c/td\u003e\u003ctd style='background: #fbfcff; border: none;'\u003ehttps://api.stackit.cloud/object-storage-api/\u003c/td\u003e\u003c/tr\u003e\n\u003ctr\u003e\u003ctd style='background: #fbfcff; border: none;'\u003eQA\u003c/td\u003e\u003ctd style='background: #fbfcff; border: none;'\u003ehttps://api-qa.stackit.cloud/object-storage-api/\u003c/td\u003e\u003c/tr\u003e\n\u003ctr\u003e\u003ctd style='background: #fbfcff; border: none;'\u003eDev\u003c/td\u003e\u003ctd style='background: #fbfcff; border: none;'\u003ehttps://api-dev.stackit.cloud/object-storage-api/\u003c/td\u003e\u003c/tr\u003e\n\u003c/table\u003e\u003cbr /\u003e\n\u003csmall style='margin-left: 24px; margin-top: -5px; display: inline-block;'\u003e\u003ca href=\"https://registry.terraform.io/providers/SchwarzIT/stackit/latest/docs#environment\"\u003eBy default\u003c/a\u003e, production is used.\u003cbr /\u003eTo set a custom URL, set an environment variable \u003ccode\u003eSTACKIT_OBJECT_STORAGE_BASEURL\u003c/code\u003e\u003c/small\u003e\n\t","description_kind":"markdown"}},"stackit_object_storage_credentials_group":{"version":0,"block":{"attributes":{"id":{"type":"string","description":"the credential group ID","description_kind":"plain","computed":true},"name":{"type":"string","description":"the credential group display name","description_kind":"plain","required":true},"object_storage_project_id":{"type":"string","description":"The ID returned from `stackit_object_storage_project`","description_kind":"plain","required":true},"urn":{"type":"string","description":"credential group URN","description_kind":"plain","computed":true}},"description":"Manages Object Storage credential groups\n\n\u003cbr /\u003e\n\n-\u003e __Environment support__\u003cbr /\u003e\u003ctable style='border-collapse: separate; border-spacing: 0px; margin-top:-20px; margin-left: 24px; font-size: smaller;'\u003e\n\u003ctr\u003e\u003ctd style='width: 100px; background: #fbfcff; border: none;'\u003eProduction\u003c/td\u003e\u003ctd style='background: #fbfcff; border: none;'\u003ehttps://api.stackit.cloud/object-storage-api/\u003c/td\u003e\u003c/tr\u003e\n\u003ctr\u003e\u003ctd style='background: #fbfcff; border: none;'\u003eQA\u003c/td\u003e\u003ctd style='background: #fbfcff; border: none;'\u003ehttps://api-qa.stackit.cloud/object-storage-api/\u003c/td\u003e\u003c/tr\u003e\n\u003ctr\u003e\u003ctd style='background: #fbfcff; border: none;'\u003eDev\u003c/td\u003e\u003ctd style='background: #fbfcff; border: none;'\u003ehttps://api-dev.stackit.cloud/object-storage-api/\u003c/td\u003e\u003c/tr\u003e\n\u003c/table\u003e\u003cbr /\u003e\n\u003csmall style='margin-left: 24px; margin-top: -5px; display: inline-block;'\u003e\u003ca href=\"https://registry.terraform.io/providers/SchwarzIT/stackit/latest/docs#environment\"\u003eBy default\u003c/a\u003e, production is used.\u003cbr /\u003eTo set a custom URL, set an environment variable \u003ccode\u003eSTACKIT_OBJECT_STORAGE_BASEURL\u003c/code\u003e\u003c/small\u003e\n\t","description_kind":"markdown"}},"stackit_object_storage_project":{"version":0,"block":{"attributes":{"id":{"type":"string","description":"object storage project ID","description_kind":"plain","computed":true},"project_id":{"type":"string","description":"the project ID that Object Storage will be enabled in","description_kind":"plain","required":true}},"description":"This resource enables STACKIT Object Storage in a project\n\n\u003cbr /\u003e\n\n-\u003e __Environment support__\u003cbr /\u003e\u003ctable style='border-collapse: separate; border-spacing: 0px; margin-top:-20px; margin-left: 24px; font-size: smaller;'\u003e\n\u003ctr\u003e\u003ctd style='width: 100px; background: #fbfcff; border: none;'\u003eProduction\u003c/td\u003e\u003ctd style='background: #fbfcff; border: none;'\u003ehttps://api.stackit.cloud/object-storage-api/\u003c/td\u003e\u003c/tr\u003e\n\u003ctr\u003e\u003ctd style='background: #fbfcff; border: none;'\u003eQA\u003c/td\u003e\u003ctd style='background: #fbfcff; border: none;'\u003ehttps://api-qa.stackit.cloud/object-storage-api/\u003c/td\u003e\u003c/tr\u003e\n\u003ctr\u003e\u003ctd style='background: #fbfcff; border: none;'\u003eDev\u003c/td\u003e\u003ctd style='background: #fbfcff; border: none;'\u003ehttps://api-dev.stackit.cloud/object-storage-api/\u003c/td\u003e\u003c/tr\u003e\n\u003c/table\u003e\u003cbr /\u003e\n\u003csmall style='margin-left: 24px; margin-top: -5px; display: inline-block;'\u003e\u003ca href=\"https://registry.terraform.io/providers/SchwarzIT/stackit/latest/docs#environment\"\u003eBy default\u003c/a\u003e, production is used.\u003cbr /\u003eTo set a custom URL, set an environment variable \u003ccode\u003eSTACKIT_OBJECT_STORAGE_BASEURL\u003c/code\u003e\u003c/small\u003e\n\t","description_kind":"markdown"}},"stackit_opensearch_credential":{"version":0,"block":{"attributes":{"database_name":{"type":"string","description":"Database name","description_kind":"plain","computed":true},"host":{"type":"string","description":"Credential host","description_kind":"plain","computed":true},"hosts":{"type":["list","string"],"description":"Credential hosts","description_kind":"plain","computed":true},"id":{"type":"string","description":"Specifies the resource ID","description_kind":"plain","computed":true},"instance_id":{"type":"string","description":"Instance ID the credential belongs to","description_kind":"plain","required":true},"password":{"type":"string","description":"Credential password","description_kind":"plain","computed":true,"sensitive":true},"port":{"type":"number","description":"Credential port","description_kind":"plain","computed":true},"project_id":{"type":"string","description":"Project ID the credential belongs to","description_kind":"plain","required":true},"raw_response":{"type":"string","description":"The full API response (as JSON string)","description_kind":"plain","computed":true,"sensitive":true},"route_service_url":{"type":"string","description":"Credential route_service_url","description_kind":"plain","computed":true},"syslog_drain_url":{"type":"string","description":"Credential syslog_drain_url","description_kind":"plain","computed":true},"uri":{"type":"string","description":"The instance URI","description_kind":"plain","computed":true},"username":{"type":"string","description":"Credential username","description_kind":"plain","computed":true}},"description":"Manages Opensearch credentials\n\n\u003cbr /\u003e\n\n-\u003e __Environment support__\u003cbr /\u003e\u003ctable style='border-collapse: separate; border-spacing: 0px; margin-top:-20px; margin-left: 24px; font-size: smaller;'\u003e\n\u003ctr\u003e\u003ctd style='width: 100px; background: #fbfcff; border: none;'\u003eProduction\u003c/td\u003e\u003ctd style='background: #fbfcff; border: none;'\u003ehttps://opensearch.api.eu01.stackit.cloud\u003c/td\u003e\u003c/tr\u003e\n\u003ctr\u003e\u003ctd style='background: #fbfcff; border: none;'\u003eQA\u003c/td\u003e\u003ctd style='background: #fbfcff; border: none;'\u003ehttps://opensearch.api.eu01.qa.stackit.cloud\u003c/td\u003e\u003c/tr\u003e\n\u003ctr\u003e\u003ctd style='background: #fbfcff; border: none;'\u003eDev\u003c/td\u003e\u003ctd style='background: #fbfcff; border: none;'\u003ehttps://opensearch.api.eu01.dev.stackit.cloud\u003c/td\u003e\u003c/tr\u003e\n\u003c/table\u003e\u003cbr /\u003e\n\u003csmall style='margin-left: 24px; margin-top: -5px; display: inline-block;'\u003e\u003ca href=\"https://registry.terraform.io/providers/SchwarzIT/stackit/latest/docs#environment\"\u003eBy default\u003c/a\u003e, production is used.\u003cbr /\u003eTo set a custom URL, set an environment variable \u003ccode\u003eSTACKIT_REDIS_BASEURL\u003c/code\u003e\u003c/small\u003e\n\t","description_kind":"markdown"}},"stackit_opensearch_instance":{"version":0,"block":{"attributes":{"acl":{"type":["list","string"],"description":"Access Control rules to whitelist IP addresses","description_kind":"plain","optional":true,"computed":true},"cf_guid":{"type":"string","description":"Cloud Foundry GUID","description_kind":"plain","computed":true},"cf_organization_guid":{"type":"string","description":"Cloud Foundry Organization GUID","description_kind":"plain","computed":true},"cf_space_guid":{"type":"string","description":"Cloud Foundry Space GUID","description_kind":"plain","computed":true},"dashboard_url":{"type":"string","description":"Dashboard URL","description_kind":"plain","computed":true},"id":{"type":"string","description":"Specifies the resource ID","description_kind":"plain","computed":true},"name":{"type":"string","description":"Specifies the instance name. Changing this value requires the resource to be recreated. Changing this value requires the resource to be recreated.","description_kind":"plain","required":true},"plan":{"type":"string","description":"The Opensearch Plan. Default is `stackit-opensearch-1.4.10-single`","description_kind":"markdown","optional":true,"computed":true},"plan_id":{"type":"string","description":"The selected plan ID","description_kind":"plain","computed":true},"project_id":{"type":"string","description":"The project ID.","description_kind":"plain","required":true},"timeouts":{"nested_type":{"attributes":{"create":{"type":"string","description_kind":"plain","optional":true},"delete":{"type":"string","description_kind":"plain","optional":true},"update":{"type":"string","description_kind":"plain","optional":true}},"nesting_mode":"single"},"description_kind":"plain","optional":true,"computed":true},"version":{"type":"string","description":"Opensearch version. Default is 2","description_kind":"markdown","optional":true,"computed":true}},"description":"Manages Opensearch instances\n\n\u003cbr /\u003e\n\n-\u003e __Environment support__\u003cbr /\u003e\u003ctable style='border-collapse: separate; border-spacing: 0px; margin-top:-20px; margin-left: 24px; font-size: smaller;'\u003e\n\u003ctr\u003e\u003ctd style='width: 100px; background: #fbfcff; border: none;'\u003eProduction\u003c/td\u003e\u003ctd style='background: #fbfcff; border: none;'\u003ehttps://opensearch.api.eu01.stackit.cloud\u003c/td\u003e\u003c/tr\u003e\n\u003ctr\u003e\u003ctd style='background: #fbfcff; border: none;'\u003eQA\u003c/td\u003e\u003ctd style='background: #fbfcff; border: none;'\u003ehttps://opensearch.api.eu01.qa.stackit.cloud\u003c/td\u003e\u003c/tr\u003e\n\u003ctr\u003e\u003ctd style='background: #fbfcff; border: none;'\u003eDev\u003c/td\u003e\u003ctd style='background: #fbfcff; border: none;'\u003ehttps://opensearch.api.eu01.dev.stackit.cloud\u003c/td\u003e\u003c/tr\u003e\n\u003c/table\u003e\u003cbr /\u003e\n\u003csmall style='margin-left: 24px; margin-top: -5px; display: inline-block;'\u003e\u003ca href=\"https://registry.terraform.io/providers/SchwarzIT/stackit/latest/docs#environment\"\u003eBy default\u003c/a\u003e, production is used.\u003cbr /\u003eTo set a custom URL, set an environment variable \u003ccode\u003eSTACKIT_REDIS_BASEURL\u003c/code\u003e\u003c/small\u003e\n\t","description_kind":"markdown"}},"stackit_postgres_credential":{"version":0,"block":{"attributes":{"database_name":{"type":"string","description":"Database name","description_kind":"plain","computed":true},"host":{"type":"string","description":"Credential host","description_kind":"plain","computed":true},"hosts":{"type":["list","string"],"description":"Credential hosts","description_kind":"plain","computed":true},"id":{"type":"string","description":"Specifies the resource ID","description_kind":"plain","computed":true},"instance_id":{"type":"string","description":"Instance ID the credential belongs to","description_kind":"plain","required":true},"password":{"type":"string","description":"Credential password","description_kind":"plain","computed":true,"sensitive":true},"port":{"type":"number","description":"Credential port","description_kind":"plain","computed":true},"project_id":{"type":"string","description":"Project ID the credential belongs to","description_kind":"plain","required":true},"raw_response":{"type":"string","description":"The full API response (as JSON string)","description_kind":"plain","computed":true,"sensitive":true},"route_service_url":{"type":"string","description":"Credential route_service_url","description_kind":"plain","computed":true},"syslog_drain_url":{"type":"string","description":"Credential syslog_drain_url","description_kind":"plain","computed":true},"uri":{"type":"string","description":"The instance URI","description_kind":"plain","computed":true},"username":{"type":"string","description":"Credential username","description_kind":"plain","computed":true}},"description":"Manages Postgres credentials\n\n\u003cbr /\u003e\n\n-\u003e __Environment support__\u003cbr /\u003e\u003ctable style='border-collapse: separate; border-spacing: 0px; margin-top:-20px; margin-left: 24px; font-size: smaller;'\u003e\n\u003ctr\u003e\u003ctd style='width: 100px; background: #fbfcff; border: none;'\u003eProduction\u003c/td\u003e\u003ctd style='background: #fbfcff; border: none;'\u003ehttps://postgresql.api.eu01.stackit.cloud\u003c/td\u003e\u003c/tr\u003e\n\u003ctr\u003e\u003ctd style='background: #fbfcff; border: none;'\u003eQA\u003c/td\u003e\u003ctd style='background: #fbfcff; border: none;'\u003ehttps://postgresql.api.eu01.qa.stackit.cloud\u003c/td\u003e\u003c/tr\u003e\n\u003ctr\u003e\u003ctd style='background: #fbfcff; border: none;'\u003eDev\u003c/td\u003e\u003ctd style='background: #fbfcff; border: none;'\u003ehttps://postgresql.api.eu01.dev.stackit.cloud\u003c/td\u003e\u003c/tr\u003e\n\u003c/table\u003e\u003cbr /\u003e\n\u003csmall style='margin-left: 24px; margin-top: -5px; display: inline-block;'\u003e\u003ca href=\"https://registry.terraform.io/providers/SchwarzIT/stackit/latest/docs#environment\"\u003eBy default\u003c/a\u003e, production is used.\u003cbr /\u003eTo set a custom URL, set an environment variable \u003ccode\u003eSTACKIT_POSTGRESQL_BASEURL\u003c/code\u003e\u003c/small\u003e\n\t","description_kind":"markdown"}},"stackit_postgres_flex_instance":{"version":0,"block":{"attributes":{"acl":{"type":["list","string"],"description":"Whitelist IP address ranges. Default is [193.148.160.0/19 45.129.40.0/21 45.135.244.0/22]","description_kind":"plain","optional":true,"computed":true},"backup_schedule":{"type":"string","description":"Specifies the backup schedule (cron style)","description_kind":"plain","optional":true,"computed":true},"id":{"type":"string","description":"Specifies the resource ID","description_kind":"plain","computed":true},"labels":{"type":["map","string"],"description":"Instance Labels","description_kind":"plain","optional":true},"machine_type":{"type":"string","description":"The Machine Type. Available options: `2.4` (2 CPU, 4 Memory), `2.16` (2 CPU, 16 Memory), `4.8` (4 CPU, 8 Memory), `4.32` (4 CPU, 32 Memory), `8.16` (8 CPU, 16 Memory), `16.32` (16 CPU, 32 Memory), `16.128` (16 CPU, 128 Memory)","description_kind":"plain","required":true},"name":{"type":"string","description":"Specifies the instance name.","description_kind":"plain","required":true},"options":{"type":["map","string"],"description":"Specifies postgres instance options","description_kind":"plain","optional":true},"project_id":{"type":"string","description":"The project ID the instance runs in. Changing this value requires the resource to be recreated.","description_kind":"plain","required":true},"replicas":{"type":"number","description":"Number of replicas (Default is `1`).","description_kind":"plain","optional":true,"computed":true},"storage":{"nested_type":{"attributes":{"class":{"type":"string","description":"Specifies the storage class. Available option: `premium-perf6-stackit`","description_kind":"plain","optional":true,"computed":true},"size":{"type":"number","description":"The storage size in GB (min of 5 is required)","description_kind":"plain","optional":true,"computed":true}},"nesting_mode":"single"},"description":"A single `storage` block as defined below.","description_kind":"plain","optional":true,"computed":true},"timeouts":{"nested_type":{"attributes":{"create":{"type":"string","description_kind":"plain","optional":true},"delete":{"type":"string","description_kind":"plain","optional":true},"update":{"type":"string","description_kind":"plain","optional":true}},"nesting_mode":"single"},"description_kind":"plain","optional":true,"computed":true},"version":{"type":"string","description":"Postgres version. Options: `12`, `13`, `14`. Changing this value requires the resource to be recreated.","description_kind":"plain","optional":true,"computed":true}},"description":"Manages Postgres Flex instances\n\n\u003cbr /\u003e\n\n-\u003e __Environment support__\u003cbr /\u003e\u003ctable style='border-collapse: separate; border-spacing: 0px; margin-top:-20px; margin-left: 24px; font-size: smaller;'\u003e\n\u003ctr\u003e\u003ctd style='width: 100px; background: #fbfcff; border: none;'\u003eProduction\u003c/td\u003e\u003ctd style='background: #fbfcff; border: none;'\u003ehttps://postgres-flex-service.api.eu01.stackit.cloud\u003c/td\u003e\u003c/tr\u003e\n\u003ctr\u003e\u003ctd style='background: #fbfcff; border: none;'\u003eQA\u003c/td\u003e\u003ctd style='background: #fbfcff; border: none;'\u003ehttps://postgres-flex-service.api.eu01.qa.stackit.cloud\u003c/td\u003e\u003c/tr\u003e\n\u003ctr\u003e\u003ctd style='background: #fbfcff; border: none;'\u003eDev\u003c/td\u003e\u003ctd style='background: #fbfcff; border: none;'\u003ehttps://postgres-flex-service.api.eu01.dev.stackit.cloud\u003c/td\u003e\u003c/tr\u003e\n\u003c/table\u003e\u003cbr /\u003e\n\u003csmall style='margin-left: 24px; margin-top: -5px; display: inline-block;'\u003e\u003ca href=\"https://registry.terraform.io/providers/SchwarzIT/stackit/latest/docs#environment\"\u003eBy default\u003c/a\u003e, production is used.\u003cbr /\u003eTo set a custom URL, set an environment variable \u003ccode\u003eSTACKIT_POSTGRES_FLEX_BASEURL\u003c/code\u003e\u003c/small\u003e\n\t","description_kind":"markdown"}},"stackit_postgres_flex_user":{"version":0,"block":{"attributes":{"host":{"type":"string","description":"Specifies the allowed user hostname","description_kind":"plain","computed":true},"id":{"type":"string","description":"Specifies the resource ID","description_kind":"plain","computed":true},"instance_id":{"type":"string","description":"the postgres db flex instance id.","description_kind":"plain","required":true},"password":{"type":"string","description":"Specifies the user's password","description_kind":"plain","computed":true,"sensitive":true},"port":{"type":"number","description":"Specifies the port","description_kind":"plain","computed":true},"project_id":{"type":"string","description":"The project ID the instance runs in. Changing this value requires the resource to be recreated.","description_kind":"plain","required":true},"roles":{"type":["list","string"],"description":"Specifies the roles assigned to the user, valid options are: `login`, `createdb`","description_kind":"plain","optional":true,"computed":true},"timeouts":{"nested_type":{"attributes":{"delete":{"type":"string","description_kind":"plain","optional":true}},"nesting_mode":"single"},"description_kind":"plain","optional":true,"computed":true},"uri":{"type":"string","description":"Specifies connection URI","description_kind":"plain","computed":true,"sensitive":true},"username":{"type":"string","description":"Specifies the username. Defaults to `psqluser`","description_kind":"plain","optional":true,"computed":true}},"description":"Manages Postgres Flex instance users\n\n\u003cbr /\u003e\n\n-\u003e __Environment support__\u003cbr /\u003e\u003ctable style='border-collapse: separate; border-spacing: 0px; margin-top:-20px; margin-left: 24px; font-size: smaller;'\u003e\n\u003ctr\u003e\u003ctd style='width: 100px; background: #fbfcff; border: none;'\u003eProduction\u003c/td\u003e\u003ctd style='background: #fbfcff; border: none;'\u003ehttps://postgres-flex-service.api.eu01.stackit.cloud\u003c/td\u003e\u003c/tr\u003e\n\u003ctr\u003e\u003ctd style='background: #fbfcff; border: none;'\u003eQA\u003c/td\u003e\u003ctd style='background: #fbfcff; border: none;'\u003ehttps://postgres-flex-service.api.eu01.qa.stackit.cloud\u003c/td\u003e\u003c/tr\u003e\n\u003ctr\u003e\u003ctd style='background: #fbfcff; border: none;'\u003eDev\u003c/td\u003e\u003ctd style='background: #fbfcff; border: none;'\u003ehttps://postgres-flex-service.api.eu01.dev.stackit.cloud\u003c/td\u003e\u003c/tr\u003e\n\u003c/table\u003e\u003cbr /\u003e\n\u003csmall style='margin-left: 24px; margin-top: -5px; display: inline-block;'\u003e\u003ca href=\"https://registry.terraform.io/providers/SchwarzIT/stackit/latest/docs#environment\"\u003eBy default\u003c/a\u003e, production is used.\u003cbr /\u003eTo set a custom URL, set an environment variable \u003ccode\u003eSTACKIT_POSTGRES_FLEX_BASEURL\u003c/code\u003e\u003c/small\u003e\n\t","description_kind":"markdown"}},"stackit_postgres_instance":{"version":0,"block":{"attributes":{"acl":{"type":["list","string"],"description":"Access Control rules to whitelist IP addresses","description_kind":"plain","optional":true,"computed":true},"cf_guid":{"type":"string","description":"Cloud Foundry GUID","description_kind":"plain","computed":true},"cf_organization_guid":{"type":"string","description":"Cloud Foundry Organization GUID","description_kind":"plain","computed":true},"cf_space_guid":{"type":"string","description":"Cloud Foundry Space GUID","description_kind":"plain","computed":true},"dashboard_url":{"type":"string","description":"Dashboard URL","description_kind":"plain","computed":true},"id":{"type":"string","description":"Specifies the resource ID","description_kind":"plain","computed":true},"name":{"type":"string","description":"Specifies the instance name. Changing this value requires the resource to be recreated. Changing this value requires the resource to be recreated.","description_kind":"plain","required":true},"plan":{"type":"string","description":"The Postgres Plan. Default is `stackit-postgresql-1.4.10-single`","description_kind":"markdown","optional":true,"computed":true},"plan_id":{"type":"string","description":"The selected plan ID","description_kind":"plain","computed":true},"project_id":{"type":"string","description":"The project ID.","description_kind":"plain","required":true},"timeouts":{"nested_type":{"attributes":{"create":{"type":"string","description_kind":"plain","optional":true},"delete":{"type":"string","description_kind":"plain","optional":true},"update":{"type":"string","description_kind":"plain","optional":true}},"nesting_mode":"single"},"description_kind":"plain","optional":true,"computed":true},"version":{"type":"string","description":"Postgres version. Default is 13","description_kind":"markdown","optional":true,"computed":true}},"description":"Manages Postgres instances\n\n\u003cbr /\u003e\n\n-\u003e __Environment support__\u003cbr /\u003e\u003ctable style='border-collapse: separate; border-spacing: 0px; margin-top:-20px; margin-left: 24px; font-size: smaller;'\u003e\n\u003ctr\u003e\u003ctd style='width: 100px; background: #fbfcff; border: none;'\u003eProduction\u003c/td\u003e\u003ctd style='background: #fbfcff; border: none;'\u003ehttps://postgresql.api.eu01.stackit.cloud\u003c/td\u003e\u003c/tr\u003e\n\u003ctr\u003e\u003ctd style='background: #fbfcff; border: none;'\u003eQA\u003c/td\u003e\u003ctd style='background: #fbfcff; border: none;'\u003ehttps://postgresql.api.eu01.qa.stackit.cloud\u003c/td\u003e\u003c/tr\u003e\n\u003ctr\u003e\u003ctd style='background: #fbfcff; border: none;'\u003eDev\u003c/td\u003e\u003ctd style='background: #fbfcff; border: none;'\u003ehttps://postgresql.api.eu01.dev.stackit.cloud\u003c/td\u003e\u003c/tr\u003e\n\u003c/table\u003e\u003cbr /\u003e\n\u003csmall style='margin-left: 24px; margin-top: -5px; display: inline-block;'\u003e\u003ca href=\"https://registry.terraform.io/providers/SchwarzIT/stackit/latest/docs#environment\"\u003eBy default\u003c/a\u003e, production is used.\u003cbr /\u003eTo set a custom URL, set an environment variable \u003ccode\u003eSTACKIT_POSTGRESQL_BASEURL\u003c/code\u003e\u003c/small\u003e\n\t","description_kind":"markdown"}},"stackit_project":{"version":0,"block":{"attributes":{"billing_ref":{"type":"string","description":"billing reference for cost transparency","description_kind":"plain","required":true},"container_id":{"type":"string","description":"the project container ID","description_kind":"plain","computed":true},"id":{"type":"string","description":"the project ID","description_kind":"plain","computed":true},"name":{"type":"string","description":"the project name","description_kind":"plain","required":true},"owner_email":{"type":"string","description":"Email address of owner of the project. This value is only considered during creation. changing it afterwards will have no effect.","description_kind":"plain","required":true},"parent_container_id":{"type":"string","description":"the container ID in which the project will be created","description_kind":"plain","required":true},"timeouts":{"nested_type":{"attributes":{"create":{"type":"string","description_kind":"plain","optional":true},"delete":{"type":"string","description_kind":"plain","optional":true}},"nesting_mode":"single"},"description_kind":"plain","optional":true,"computed":true}},"description":"Manages STACKIT projects\n\n\u003cbr /\u003e\n\n-\u003e __Environment support__\u003cbr /\u003e\u003ctable style='border-collapse: separate; border-spacing: 0px; margin-top:-20px; margin-left: 24px; font-size: smaller;'\u003e\n\u003ctr\u003e\u003ctd style='width: 100px; background: #fbfcff; border: none;'\u003eProduction\u003c/td\u003e\u003ctd style='background: #fbfcff; border: none;'\u003ehttps://api.stackit.cloud/resource-management/v2/\u003c/td\u003e\u003c/tr\u003e\n\u003ctr\u003e\u003ctd style='background: #fbfcff; border: none;'\u003eQA\u003c/td\u003e\u003ctd style='background: #fbfcff; border: none;'\u003ehttps://api-qa.stackit.cloud/resource-management/v2/\u003c/td\u003e\u003c/tr\u003e\n\u003ctr\u003e\u003ctd style='background: #fbfcff; border: none;'\u003eDev\u003c/td\u003e\u003ctd style='background: #fbfcff; border: none;'\u003ehttps://api-dev.stackit.cloud/resource-management/v2/\u003c/td\u003e\u003c/tr\u003e\n\u003c/table\u003e\u003cbr /\u003e\n\u003csmall style='margin-left: 24px; margin-top: -5px; display: inline-block;'\u003e\u003ca href=\"https://registry.terraform.io/providers/SchwarzIT/stackit/latest/docs#environment\"\u003eBy default\u003c/a\u003e, production is used.\u003cbr /\u003eTo set a custom URL, set an environment variable \u003ccode\u003eSTACKIT_RESOURCE_MANAGEMENT_BASEURL\u003c/code\u003e\u003c/small\u003e\n\t","description_kind":"markdown"}},"stackit_rabbitmq_credential":{"version":0,"block":{"attributes":{"database_name":{"type":"string","description":"Database name","description_kind":"plain","computed":true},"host":{"type":"string","description":"Credential host","description_kind":"plain","computed":true},"hosts":{"type":["list","string"],"description":"Credential hosts","description_kind":"plain","computed":true},"id":{"type":"string","description":"Specifies the resource ID","description_kind":"plain","computed":true},"instance_id":{"type":"string","description":"Instance ID the credential belongs to","description_kind":"plain","required":true},"password":{"type":"string","description":"Credential password","description_kind":"plain","computed":true,"sensitive":true},"port":{"type":"number","description":"Credential port","description_kind":"plain","computed":true},"project_id":{"type":"string","description":"Project ID the credential belongs to","description_kind":"plain","required":true},"raw_response":{"type":"string","description":"The full API response (as JSON string)","description_kind":"plain","computed":true,"sensitive":true},"route_service_url":{"type":"string","description":"Credential route_service_url","description_kind":"plain","computed":true},"syslog_drain_url":{"type":"string","description":"Credential syslog_drain_url","description_kind":"plain","computed":true},"uri":{"type":"string","description":"The instance URI","description_kind":"plain","computed":true},"username":{"type":"string","description":"Credential username","description_kind":"plain","computed":true}},"description":"Manages RabbitMQ credentials\n\n\u003cbr /\u003e\n\n-\u003e __Environment support__\u003cbr /\u003e\u003ctable style='border-collapse: separate; border-spacing: 0px; margin-top:-20px; margin-left: 24px; font-size: smaller;'\u003e\n\u003ctr\u003e\u003ctd style='width: 100px; background: #fbfcff; border: none;'\u003eProduction\u003c/td\u003e\u003ctd style='background: #fbfcff; border: none;'\u003ehttps://rabbitmq.api.eu01.stackit.cloud\u003c/td\u003e\u003c/tr\u003e\n\u003ctr\u003e\u003ctd style='background: #fbfcff; border: none;'\u003eQA\u003c/td\u003e\u003ctd style='background: #fbfcff; border: none;'\u003ehttps://rabbitmq.api.eu01.qa.stackit.cloud\u003c/td\u003e\u003c/tr\u003e\n\u003ctr\u003e\u003ctd style='background: #fbfcff; border: none;'\u003eDev\u003c/td\u003e\u003ctd style='background: #fbfcff; border: none;'\u003ehttps://rabbitmq.api.eu01.dev.stackit.cloud\u003c/td\u003e\u003c/tr\u003e\n\u003c/table\u003e\u003cbr /\u003e\n\u003csmall style='margin-left: 24px; margin-top: -5px; display: inline-block;'\u003e\u003ca href=\"https://registry.terraform.io/providers/SchwarzIT/stackit/latest/docs#environment\"\u003eBy default\u003c/a\u003e, production is used.\u003cbr /\u003eTo set a custom URL, set an environment variable \u003ccode\u003eSTACKIT_RABBITMQ_BASEURL\u003c/code\u003e\u003c/small\u003e\n\t","description_kind":"markdown"}},"stackit_rabbitmq_instance":{"version":0,"block":{"attributes":{"acl":{"type":["list","string"],"description":"Access Control rules to whitelist IP addresses","description_kind":"plain","optional":true,"computed":true},"cf_guid":{"type":"string","description":"Cloud Foundry GUID","description_kind":"plain","computed":true},"cf_organization_guid":{"type":"string","description":"Cloud Foundry Organization GUID","description_kind":"plain","computed":true},"cf_space_guid":{"type":"string","description":"Cloud Foundry Space GUID","description_kind":"plain","computed":true},"dashboard_url":{"type":"string","description":"Dashboard URL","description_kind":"plain","computed":true},"id":{"type":"string","description":"Specifies the resource ID","description_kind":"plain","computed":true},"name":{"type":"string","description":"Specifies the instance name. Changing this value requires the resource to be recreated. Changing this value requires the resource to be recreated.","description_kind":"plain","required":true},"plan":{"type":"string","description":"The RabbitMQ Plan. Default is `stackit-rabbitmq-2.4.10-single`","description_kind":"markdown","optional":true,"computed":true},"plan_id":{"type":"string","description":"The selected plan ID","description_kind":"plain","computed":true},"project_id":{"type":"string","description":"The project ID.","description_kind":"plain","required":true},"timeouts":{"nested_type":{"attributes":{"create":{"type":"string","description_kind":"plain","optional":true},"delete":{"type":"string","description_kind":"plain","optional":true},"update":{"type":"string","description_kind":"plain","optional":true}},"nesting_mode":"single"},"description_kind":"plain","optional":true,"computed":true},"version":{"type":"string","description":"RabbitMQ version. Default is 3.10","description_kind":"markdown","optional":true,"computed":true}},"description":"Manages RabbitMQ instances\n\n\u003cbr /\u003e\n\n-\u003e __Environment support__\u003cbr /\u003e\u003ctable style='border-collapse: separate; border-spacing: 0px; margin-top:-20px; margin-left: 24px; font-size: smaller;'\u003e\n\u003ctr\u003e\u003ctd style='width: 100px; background: #fbfcff; border: none;'\u003eProduction\u003c/td\u003e\u003ctd style='background: #fbfcff; border: none;'\u003ehttps://rabbitmq.api.eu01.stackit.cloud\u003c/td\u003e\u003c/tr\u003e\n\u003ctr\u003e\u003ctd style='background: #fbfcff; border: none;'\u003eQA\u003c/td\u003e\u003ctd style='background: #fbfcff; border: none;'\u003ehttps://rabbitmq.api.eu01.qa.stackit.cloud\u003c/td\u003e\u003c/tr\u003e\n\u003ctr\u003e\u003ctd style='background: #fbfcff; border: none;'\u003eDev\u003c/td\u003e\u003ctd style='background: #fbfcff; border: none;'\u003ehttps://rabbitmq.api.eu01.dev.stackit.cloud\u003c/td\u003e\u003c/tr\u003e\n\u003c/table\u003e\u003cbr /\u003e\n\u003csmall style='margin-left: 24px; margin-top: -5px; display: inline-block;'\u003e\u003ca href=\"https://registry.terraform.io/providers/SchwarzIT/stackit/latest/docs#environment\"\u003eBy default\u003c/a\u003e, production is used.\u003cbr /\u003eTo set a custom URL, set an environment variable \u003ccode\u003eSTACKIT_RABBITMQ_BASEURL\u003c/code\u003e\u003c/small\u003e\n\t","description_kind":"markdown"}},"stackit_redis_credential":{"version":0,"block":{"attributes":{"database_name":{"type":"string","description":"Database name","description_kind":"plain","computed":true},"host":{"type":"string","description":"Credential host","description_kind":"plain","computed":true},"hosts":{"type":["list","string"],"description":"Credential hosts","description_kind":"plain","computed":true},"id":{"type":"string","description":"Specifies the resource ID","description_kind":"plain","computed":true},"instance_id":{"type":"string","description":"Instance ID the credential belongs to","description_kind":"plain","required":true},"password":{"type":"string","description":"Credential password","description_kind":"plain","computed":true,"sensitive":true},"port":{"type":"number","description":"Credential port","description_kind":"plain","computed":true},"project_id":{"type":"string","description":"Project ID the credential belongs to","description_kind":"plain","required":true},"raw_response":{"type":"string","description":"The full API response (as JSON string)","description_kind":"plain","computed":true,"sensitive":true},"route_service_url":{"type":"string","description":"Credential route_service_url","description_kind":"plain","computed":true},"syslog_drain_url":{"type":"string","description":"Credential syslog_drain_url","description_kind":"plain","computed":true},"uri":{"type":"string","description":"The instance URI","description_kind":"plain","computed":true},"username":{"type":"string","description":"Credential username","description_kind":"plain","computed":true}},"description":"Manages Redis credentials\n\n\u003cbr /\u003e\n\n-\u003e __Environment support__\u003cbr /\u003e\u003ctable style='border-collapse: separate; border-spacing: 0px; margin-top:-20px; margin-left: 24px; font-size: smaller;'\u003e\n\u003ctr\u003e\u003ctd style='width: 100px; background: #fbfcff; border: none;'\u003eProduction\u003c/td\u003e\u003ctd style='background: #fbfcff; border: none;'\u003ehttps://redis.api.eu01.stackit.cloud\u003c/td\u003e\u003c/tr\u003e\n\u003ctr\u003e\u003ctd style='background: #fbfcff; border: none;'\u003eQA\u003c/td\u003e\u003ctd style='background: #fbfcff; border: none;'\u003ehttps://redis.api.eu01.qa.stackit.cloud\u003c/td\u003e\u003c/tr\u003e\n\u003ctr\u003e\u003ctd style='background: #fbfcff; border: none;'\u003eDev\u003c/td\u003e\u003ctd style='background: #fbfcff; border: none;'\u003ehttps://redis.api.eu01.dev.stackit.cloud\u003c/td\u003e\u003c/tr\u003e\n\u003c/table\u003e\u003cbr /\u003e\n\u003csmall style='margin-left: 24px; margin-top: -5px; display: inline-block;'\u003e\u003ca href=\"https://registry.terraform.io/providers/SchwarzIT/stackit/latest/docs#environment\"\u003eBy default\u003c/a\u003e, production is used.\u003cbr /\u003eTo set a custom URL, set an environment variable \u003ccode\u003eSTACKIT_REDIS_BASEURL\u003c/code\u003e\u003c/small\u003e\n\t","description_kind":"markdown"}},"stackit_redis_instance":{"version":0,"block":{"attributes":{"acl":{"type":["list","string"],"description":"Access Control rules to whitelist IP addresses","description_kind":"plain","optional":true,"computed":true},"cf_guid":{"type":"string","description":"Cloud Foundry GUID","description_kind":"plain","computed":true},"cf_organization_guid":{"type":"string","description":"Cloud Foundry Organization GUID","description_kind":"plain","computed":true},"cf_space_guid":{"type":"string","description":"Cloud Foundry Space GUID","description_kind":"plain","computed":true},"dashboard_url":{"type":"string","description":"Dashboard URL","description_kind":"plain","computed":true},"id":{"type":"string","description":"Specifies the resource ID","description_kind":"plain","computed":true},"name":{"type":"string","description":"Specifies the instance name. Changing this value requires the resource to be recreated. Changing this value requires the resource to be recreated.","description_kind":"plain","required":true},"plan":{"type":"string","description":"The Redis Plan. Default is `stackit-redis-1.4.10-single`","description_kind":"markdown","optional":true,"computed":true},"plan_id":{"type":"string","description":"The selected plan ID","description_kind":"plain","computed":true},"project_id":{"type":"string","description":"The project ID.","description_kind":"plain","required":true},"timeouts":{"nested_type":{"attributes":{"create":{"type":"string","description_kind":"plain","optional":true},"delete":{"type":"string","description_kind":"plain","optional":true},"update":{"type":"string","description_kind":"plain","optional":true}},"nesting_mode":"single"},"description_kind":"plain","optional":true,"computed":true},"version":{"type":"string","description":"Redis version. Default is 6","description_kind":"markdown","optional":true,"computed":true}},"description":"Manages Redis instances\n\n\u003cbr /\u003e\n\n-\u003e __Environment support__\u003cbr /\u003e\u003ctable style='border-collapse: separate; border-spacing: 0px; margin-top:-20px; margin-left: 24px; font-size: smaller;'\u003e\n\u003ctr\u003e\u003ctd style='width: 100px; background: #fbfcff; border: none;'\u003eProduction\u003c/td\u003e\u003ctd style='background: #fbfcff; border: none;'\u003ehttps://redis.api.eu01.stackit.cloud\u003c/td\u003e\u003c/tr\u003e\n\u003ctr\u003e\u003ctd style='background: #fbfcff; border: none;'\u003eQA\u003c/td\u003e\u003ctd style='background: #fbfcff; border: none;'\u003ehttps://redis.api.eu01.qa.stackit.cloud\u003c/td\u003e\u003c/tr\u003e\n\u003ctr\u003e\u003ctd style='background: #fbfcff; border: none;'\u003eDev\u003c/td\u003e\u003ctd style='background: #fbfcff; border: none;'\u003ehttps://redis.api.eu01.dev.stackit.cloud\u003c/td\u003e\u003c/tr\u003e\n\u003c/table\u003e\u003cbr /\u003e\n\u003csmall style='margin-left: 24px; margin-top: -5px; display: inline-block;'\u003e\u003ca href=\"https://registry.terraform.io/providers/SchwarzIT/stackit/latest/docs#environment\"\u003eBy default\u003c/a\u003e, production is used.\u003cbr /\u003eTo set a custom URL, set an environment variable \u003ccode\u003eSTACKIT_REDIS_BASEURL\u003c/code\u003e\u003c/small\u003e\n\t","description_kind":"markdown"}}},"data_source_schemas":{"stackit_argus_instance":{"version":0,"block":{"attributes":{"alerting_url":{"type":"string","description":"Specifies Alerting URL.","description_kind":"plain","computed":true},"dashboard_url":{"type":"string","description":"Specifies Argus instance dashboard URL.","description_kind":"plain","computed":true},"grafana":{"nested_type":{"attributes":{"enable_public_access":{"type":"bool","description":"If true, anyone can access Grafana dashboards without logging in.","description_kind":"plain","computed":true}},"nesting_mode":"single"},"description":"A Grafana configuration block.","description_kind":"plain","computed":true},"grafana_initial_admin_password":{"type":"string","description":"Specifies an initial Grafana admin password.","description_kind":"plain","computed":true,"sensitive":true},"grafana_initial_admin_user":{"type":"string","description":"Specifies an initial Grafana admin username.","description_kind":"plain","computed":true},"grafana_url":{"type":"string","description":"Specifies Grafana URL.","description_kind":"plain","computed":true},"id":{"type":"string","description":"Specifies the Argus instance ID.","description_kind":"plain","required":true},"is_updatable":{"type":"bool","description":"Specifies if the instance can be updated.","description_kind":"plain","computed":true},"jaeger_traces_url":{"type":"string","description_kind":"plain","computed":true},"jaeger_ui_url":{"type":"string","description_kind":"plain","computed":true},"logs_push_url":{"type":"string","description":"Specifies URL for pushing logs.","description_kind":"plain","computed":true},"logs_url":{"type":"string","description":"Specifies Logs URL.","description_kind":"plain","computed":true},"metrics":{"nested_type":{"attributes":{"retention_days":{"type":"number","description":"Specifies for how many days the raw metrics are kept.","description_kind":"plain","computed":true},"retention_days_1h_downsampling":{"type":"number","description":"Specifies for how many days the 1h downsampled metrics are kept.","description_kind":"plain","computed":true},"retention_days_5m_downsampling":{"type":"number","description":"Specifies for how many days the 5m downsampled metrics are kept.","description_kind":"plain","computed":true}},"nesting_mode":"single"},"description":"Metrics configuration block","description_kind":"plain","computed":true},"metrics_push_url":{"type":"string","description":"Specifies URL for pushing metrics.","description_kind":"plain","computed":true},"metrics_url":{"type":"string","description":"Specifies metrics URL.","description_kind":"plain","computed":true},"name":{"type":"string","description":"Specifies the name of the Argus instance.","description_kind":"plain","computed":true},"otlp_traces_url":{"type":"string","description_kind":"plain","computed":true},"plan":{"type":"string","description":"Specifies the Argus plan.","description_kind":"plain","computed":true},"plan_id":{"type":"string","description":"Specifies Argus Plan ID.","description_kind":"plain","computed":true},"project_id":{"type":"string","description":"Specifies the Project ID.","description_kind":"plain","required":true},"targets_url":{"type":"string","description":"Specifies Targets URL.","description_kind":"plain","computed":true},"zipkin_spans_url":{"type":"string","description_kind":"plain","computed":true}},"description":"Data source for Argus Instances\n\n\u003cbr /\u003e\n\n-\u003e __Environment support__\u003cbr /\u003e\u003ctable style='border-collapse: separate; border-spacing: 0px; margin-top:-20px; margin-left: 24px; font-size: smaller;'\u003e\n\u003ctr\u003e\u003ctd style='width: 100px; background: #fbfcff; border: none;'\u003eProduction\u003c/td\u003e\u003ctd style='background: #fbfcff; border: none;'\u003ehttps://argus.api.stackit.cloud\u003c/td\u003e\u003c/tr\u003e\n\u003ctr\u003e\u003ctd style='background: #fbfcff; border: none;'\u003eQA\u003c/td\u003e\u003ctd style='background: #fbfcff; border: none;'\u003ehttps://argus.api.stg.stackit.cloud\u003c/td\u003e\u003c/tr\u003e\n\u003ctr\u003e\u003ctd style='background: #fbfcff; border: none;'\u003eDev\u003c/td\u003e\u003ctd style='background: #fbfcff; border: none;'\u003ehttps://argus.api.dev.stackit.cloud\u003c/td\u003e\u003c/tr\u003e\n\u003c/table\u003e\u003cbr /\u003e\n\u003csmall style='margin-left: 24px; margin-top: -5px; display: inline-block;'\u003e\u003ca href=\"https://registry.terraform.io/providers/SchwarzIT/stackit/latest/docs#environment\"\u003eBy default\u003c/a\u003e, production is used.\u003cbr /\u003eTo set a custom URL, set an environment variable \u003ccode\u003eSTACKIT_ARGUS_BASEURL\u003c/code\u003e\u003c/small\u003e\n\t","description_kind":"markdown"}},"stackit_argus_job":{"version":0,"block":{"attributes":{"argus_instance_id":{"type":"string","description":"Specifies the Argus Instance ID the job belongs to","description_kind":"plain","required":true},"basic_auth":{"nested_type":{"attributes":{"password":{"type":"string","description":"Specifies basic auth password","description_kind":"plain","computed":true,"sensitive":true},"username":{"type":"string","description":"Specifies basic auth username","description_kind":"plain","computed":true}},"nesting_mode":"single"},"description":"A basic_auth block","description_kind":"plain","computed":true},"id":{"type":"string","description":"Specifies the Argus Job ID","description_kind":"plain","computed":true},"metrics_path":{"type":"string","description":"Specifies the job scraping path.","description_kind":"plain","computed":true},"name":{"type":"string","description":"Specifies the name of the scraping job","description_kind":"plain","required":true},"project_id":{"type":"string","description":"Specifies the Project ID the Argus instance belongs to","description_kind":"plain","required":true},"saml2":{"nested_type":{"attributes":{"enable_url_parameters":{"type":"bool","description":"Should URL parameters be enabled?","description_kind":"plain","computed":true}},"nesting_mode":"single"},"description":"A saml2 configuration block","description_kind":"plain","optional":true},"scheme":{"type":"string","description":"Specifies the scheme.","description_kind":"plain","computed":true},"scrape_interval":{"type":"string","description":"Specifies the scrape interval as duration string.","description_kind":"plain","computed":true},"scrape_timeout":{"type":"string","description":"Specifies the scrape timeout as duration string.","description_kind":"plain","computed":true},"targets":{"nested_type":{"attributes":{"labels":{"type":["map","string"],"description":"Specifies labels","description_kind":"plain","computed":true},"urls":{"type":["list","string"],"description":"Specifies target URLs","description_kind":"plain","computed":true}},"nesting_mode":"list"},"description":"targets list","description_kind":"plain","computed":true}},"description":"Data source for Argus Instance Jobs\n\n\u003cbr /\u003e\n\n-\u003e __Environment support__\u003cbr /\u003e\u003ctable style='border-collapse: separate; border-spacing: 0px; margin-top:-20px; margin-left: 24px; font-size: smaller;'\u003e\n\u003ctr\u003e\u003ctd style='width: 100px; background: #fbfcff; border: none;'\u003eProduction\u003c/td\u003e\u003ctd style='background: #fbfcff; border: none;'\u003ehttps://argus.api.stackit.cloud\u003c/td\u003e\u003c/tr\u003e\n\u003ctr\u003e\u003ctd style='background: #fbfcff; border: none;'\u003eQA\u003c/td\u003e\u003ctd style='background: #fbfcff; border: none;'\u003ehttps://argus.api.stg.stackit.cloud\u003c/td\u003e\u003c/tr\u003e\n\u003ctr\u003e\u003ctd style='background: #fbfcff; border: none;'\u003eDev\u003c/td\u003e\u003ctd style='background: #fbfcff; border: none;'\u003ehttps://argus.api.dev.stackit.cloud\u003c/td\u003e\u003c/tr\u003e\n\u003c/table\u003e\u003cbr /\u003e\n\u003csmall style='margin-left: 24px; margin-top: -5px; display: inline-block;'\u003e\u003ca href=\"https://registry.terraform.io/providers/SchwarzIT/stackit/latest/docs#environment\"\u003eBy default\u003c/a\u003e, production is used.\u003cbr /\u003eTo set a custom URL, set an environment variable \u003ccode\u003eSTACKIT_ARGUS_BASEURL\u003c/code\u003e\u003c/small\u003e\n\t","description_kind":"markdown"}},"stackit_elasticsearch_credential":{"version":0,"block":{"attributes":{"database_name":{"type":"string","description":"Database name","description_kind":"plain","computed":true},"host":{"type":"string","description":"Credential host","description_kind":"plain","computed":true},"hosts":{"type":["list","string"],"description":"Credential hosts","description_kind":"plain","computed":true},"id":{"type":"string","description":"Specifies the resource ID","description_kind":"plain","required":true},"instance_id":{"type":"string","description":"Instance ID the credential belongs to","description_kind":"plain","required":true},"password":{"type":"string","description":"Credential password","description_kind":"plain","computed":true,"sensitive":true},"port":{"type":"number","description":"Credential port","description_kind":"plain","computed":true},"project_id":{"type":"string","description":"Project ID the credential belongs to","description_kind":"plain","required":true},"route_service_url":{"type":"string","description":"Credential route_service_url","description_kind":"plain","computed":true},"syslog_drain_url":{"type":"string","description":"Credential syslog_drain_url","description_kind":"plain","computed":true},"uri":{"type":"string","description":"The instance URI","description_kind":"plain","computed":true},"username":{"type":"string","description":"Credential username","description_kind":"plain","computed":true}},"description":"Manages ElasticSearch credentials\n\n\u003cbr /\u003e\n\n-\u003e __Environment support__\u003cbr /\u003e\u003ctable style='border-collapse: separate; border-spacing: 0px; margin-top:-20px; margin-left: 24px; font-size: smaller;'\u003e\n\u003ctr\u003e\u003ctd style='width: 100px; background: #fbfcff; border: none;'\u003eProduction\u003c/td\u003e\u003ctd style='background: #fbfcff; border: none;'\u003ehttps://elasticsearch.api.eu01.stackit.cloud\u003c/td\u003e\u003c/tr\u003e\n\u003ctr\u003e\u003ctd style='background: #fbfcff; border: none;'\u003eQA\u003c/td\u003e\u003ctd style='background: #fbfcff; border: none;'\u003ehttps://elasticsearch.api.eu01.qa.stackit.cloud\u003c/td\u003e\u003c/tr\u003e\n\u003ctr\u003e\u003ctd style='background: #fbfcff; border: none;'\u003eDev\u003c/td\u003e\u003ctd style='background: #fbfcff; border: none;'\u003ehttps://elasticsearch.api.eu01.dev.stackit.cloud\u003c/td\u003e\u003c/tr\u003e\n\u003c/table\u003e\u003cbr /\u003e\n\u003csmall style='margin-left: 24px; margin-top: -5px; display: inline-block;'\u003e\u003ca href=\"https://registry.terraform.io/providers/SchwarzIT/stackit/latest/docs#environment\"\u003eBy default\u003c/a\u003e, production is used.\u003cbr /\u003eTo set a custom URL, set an environment variable \u003ccode\u003eSTACKIT_ELASTICSEARCH_BASEURL\u003c/code\u003e\u003c/small\u003e\n\t","description_kind":"markdown"}},"stackit_elasticsearch_instance":{"version":0,"block":{"attributes":{"acl":{"type":["list","string"],"description":"Access Control rules to whitelist IP addresses","description_kind":"plain","computed":true},"cf_guid":{"type":"string","description":"Cloud Foundry GUID","description_kind":"plain","computed":true},"cf_organization_guid":{"type":"string","description":"Cloud Foundry Organization GUID","description_kind":"plain","computed":true},"cf_space_guid":{"type":"string","description":"Cloud Foundry Space GUID","description_kind":"plain","computed":true},"dashboard_url":{"type":"string","description":"Dashboard URL","description_kind":"plain","computed":true},"id":{"type":"string","description":"Specifies the resource ID","description_kind":"plain","computed":true},"name":{"type":"string","description":"Specifies the instance name.","description_kind":"plain","required":true},"plan":{"type":"string","description":"The RabbitMQ Plan","description_kind":"plain","computed":true},"plan_id":{"type":"string","description":"The selected plan ID","description_kind":"plain","computed":true},"project_id":{"type":"string","description":"The project ID.","description_kind":"plain","required":true},"version":{"type":"string","description":"RabbitMQ version","description_kind":"plain","computed":true}},"description":"Data source for ElasticSearch instances\n\n\u003cbr /\u003e\n\n-\u003e __Environment support__\u003cbr /\u003e\u003ctable style='border-collapse: separate; border-spacing: 0px; margin-top:-20px; margin-left: 24px; font-size: smaller;'\u003e\n\u003ctr\u003e\u003ctd style='width: 100px; background: #fbfcff; border: none;'\u003eProduction\u003c/td\u003e\u003ctd style='background: #fbfcff; border: none;'\u003ehttps://elasticsearch.api.eu01.stackit.cloud\u003c/td\u003e\u003c/tr\u003e\n\u003ctr\u003e\u003ctd style='background: #fbfcff; border: none;'\u003eQA\u003c/td\u003e\u003ctd style='background: #fbfcff; border: none;'\u003ehttps://elasticsearch.api.eu01.qa.stackit.cloud\u003c/td\u003e\u003c/tr\u003e\n\u003ctr\u003e\u003ctd style='background: #fbfcff; border: none;'\u003eDev\u003c/td\u003e\u003ctd style='background: #fbfcff; border: none;'\u003ehttps://elasticsearch.api.eu01.dev.stackit.cloud\u003c/td\u003e\u003c/tr\u003e\n\u003c/table\u003e\u003cbr /\u003e\n\u003csmall style='margin-left: 24px; margin-top: -5px; display: inline-block;'\u003e\u003ca href=\"https://registry.terraform.io/providers/SchwarzIT/stackit/latest/docs#environment\"\u003eBy default\u003c/a\u003e, production is used.\u003cbr /\u003eTo set a custom URL, set an environment variable \u003ccode\u003eSTACKIT_ELASTICSEARCH_BASEURL\u003c/code\u003e\u003c/small\u003e\n\t","description_kind":"markdown"}},"stackit_kubernetes_cluster":{"version":0,"block":{"attributes":{"allow_privileged_containers":{"type":"bool","description":"Should containers be allowed to run in privileged mode?","description_kind":"plain","optional":true,"computed":true},"extensions":{"nested_type":{"attributes":{"acl":{"nested_type":{"attributes":{"allowed_cidrs":{"type":["list","string"],"description":"Specify a list of CIDRs to whitelist","description_kind":"plain","computed":true},"enabled":{"type":"bool","description":"Is ACL enabled? Defaults to `false`","description_kind":"plain","computed":true}},"nesting_mode":"single"},"description":"Cluster access control configuration","description_kind":"plain","computed":true},"argus":{"nested_type":{"attributes":{"argus_instance_id":{"type":"string","description":"Instance ID of argus","description_kind":"plain","computed":true},"enabled":{"type":"bool","description":"Flag to enable/disable argus extensions.","description_kind":"plain","computed":true}},"nesting_mode":"single"},"description":"A single argus block as defined below","description_kind":"plain","computed":true}},"nesting_mode":"single"},"description":"A single extensions block as defined below","description_kind":"plain","computed":true},"hibernations":{"nested_type":{"attributes":{"end":{"type":"string","description":"End time of hibernation, in crontab syntax, i.e. `0 8 * * *` for waking up the cluster at 8am","description_kind":"plain","computed":true},"start":{"type":"string","description":"Start time of cluster hibernation, in crontab syntax, i.e. `0 18 * * *` for starting everyday at 6pm","description_kind":"plain","computed":true},"timezone":{"type":"string","description":"Timezone name corresponding to a file in the IANA Time Zone database. i.e. `Europe/Berlin`","description_kind":"plain","computed":true}},"nesting_mode":"list"},"description":"One or more hibernation block as defined below","description_kind":"plain","computed":true},"id":{"type":"string","description":"Specifies the resource ID","description_kind":"plain","computed":true},"kube_config":{"type":"string","description":"Kube config file used for connecting to the cluster","description_kind":"plain","computed":true,"sensitive":true},"kubernetes_project_id":{"type":"string","description":"The ID of a `stackit_kubernetes_project` resource","description_kind":"plain","required":true},"kubernetes_version":{"type":"string","description":"Kubernetes version. ","description_kind":"plain","computed":true},"kubernetes_version_used":{"type":"string","description":"Full Kubernetes version used. For example, if `1.22` was selected, this value may result to `1.22.15`","description_kind":"plain","computed":true},"maintenance":{"nested_type":{"attributes":{"enable_kubernetes_version_updates":{"type":"bool","description":"Flag to enable/disable auto-updates of the Kubernetes version","description_kind":"plain","computed":true},"enable_machine_image_version_updates":{"type":"bool","description":"Flag to enable/disable auto-updates of the OS image version","description_kind":"plain","computed":true},"end":{"type":"string","description":"RFC3339 Date time for maintenance window end. i.e. `2019-08-24T23:30:00Z`","description_kind":"plain","computed":true},"start":{"type":"string","description":"RFC3339 Date time for maintenance window start. i.e. `2019-08-24T23:00:00Z`","description_kind":"plain","computed":true}},"nesting_mode":"single"},"description":"A single maintenance block as defined below","description_kind":"plain","computed":true},"name":{"type":"string","description":"Specifies the cluster name (lower case, alphanumeric, hypens allowed, up to 11 chars)","description_kind":"plain","required":true},"node_pools":{"nested_type":{"attributes":{"container_runtime":{"type":"string","description":"Specifies the container runtime.","description_kind":"plain","computed":true},"labels":{"type":["map","string"],"description":"Labels to add to each node","description_kind":"plain","computed":true},"machine_type":{"type":"string","description":"The machine type.","description_kind":"plain","required":true},"max_surge":{"type":"number","description":"The maximum number of nodes upgraded simultaneously.","description_kind":"plain","computed":true},"max_unavailable":{"type":"number","description":"The maximum number of nodes unavailable during upgraded.","description_kind":"plain","computed":true},"maximum":{"type":"number","description":"Maximum nodes in the pool.","description_kind":"plain","computed":true},"minimum":{"type":"number","description":"Minimum nodes in the pool.","description_kind":"plain","computed":true},"name":{"type":"string","description":"Specifies the name of the node pool","description_kind":"plain","required":true},"os_name":{"type":"string","description":"The name of the OS image.","description_kind":"plain","computed":true},"os_version":{"type":"string","description":"The OS image version.","description_kind":"plain","computed":true},"taints":{"nested_type":{"attributes":{"effect":{"type":"string","description":"The taint effect. Only `PreferNoSchedule` is supported at the moment","description_kind":"plain","computed":true},"key":{"type":"string","description":"Taint key to be applied to a node","description_kind":"plain","computed":true},"value":{"type":"string","description":"Taint value corresponding to the taint key","description_kind":"plain","computed":true}},"nesting_mode":"list"},"description":"Specifies a taint list as defined below","description_kind":"plain","computed":true},"volume_size_gb":{"type":"number","description":"The volume size in GB.","description_kind":"plain","computed":true},"volume_type":{"type":"string","description":"Specifies the volume type.","description_kind":"plain","computed":true},"zones":{"type":["list","string"],"description":"Specify a list of availability zones.","description_kind":"plain","computed":true}},"nesting_mode":"list"},"description":"One or more `node_pool` block as defined below","description_kind":"plain","optional":true},"project_id":{"type":"string","description":"this attribure is deprecated. please remove it from your terraform config and use `kubernetes_project_id` instead","description_kind":"plain","deprecated":true,"optional":true},"status":{"type":"string","description":"The cluster's aggregated status","description_kind":"plain","computed":true}},"description":"Data source for STACKIT Kubernetes Engine (SKE) clusters\n\n\u003cbr /\u003e\n\n-\u003e __Environment support__\u003cbr /\u003e\u003ctable style='border-collapse: separate; border-spacing: 0px; margin-top:-20px; margin-left: 24px; font-size: smaller;'\u003e\n\u003ctr\u003e\u003ctd style='width: 100px; background: #fbfcff; border: none;'\u003eProduction\u003c/td\u003e\u003ctd style='background: #fbfcff; border: none;'\u003ehttps://ske.api.eu01.stackit.cloud/\u003c/td\u003e\u003c/tr\u003e\n\u003ctr\u003e\u003ctd style='background: #fbfcff; border: none;'\u003eQA\u003c/td\u003e\u003ctd style='background: #fbfcff; border: none;'\u003ehttps://ske.api.eu01.stg.stackit.cloud/\u003c/td\u003e\u003c/tr\u003e\n\u003ctr\u003e\u003ctd style='background: #fbfcff; border: none;'\u003eDev\u003c/td\u003e\u003ctd style='background: #fbfcff; border: none;'\u003ehttps://ske.api.eu01.dev.stackit.cloud/\u003c/td\u003e\u003c/tr\u003e\n\u003c/table\u003e\u003cbr /\u003e\n\u003csmall style='margin-left: 24px; margin-top: -5px; display: inline-block;'\u003e\u003ca href=\"https://registry.terraform.io/providers/SchwarzIT/stackit/latest/docs#environment\"\u003eBy default\u003c/a\u003e, production is used.\u003cbr /\u003eTo set a custom URL, set an environment variable \u003ccode\u003eSTACKIT_KUBERNETES_BASEURL\u003c/code\u003e\u003c/small\u003e\n\t","description_kind":"markdown"}},"stackit_kubernetes_project":{"version":0,"block":{"attributes":{"id":{"type":"string","description":"kubernetes project ID","description_kind":"plain","computed":true},"project_id":{"type":"string","description":"the project ID that SKE will be enabled in","description_kind":"plain","required":true}},"description":"Data source for STACKIT Kubernetes Engine (SKE) project\n\n\u003cbr /\u003e\n\n-\u003e __Environment support__\u003cbr /\u003e\u003ctable style='border-collapse: separate; border-spacing: 0px; margin-top:-20px; margin-left: 24px; font-size: smaller;'\u003e\n\u003ctr\u003e\u003ctd style='width: 100px; background: #fbfcff; border: none;'\u003eProduction\u003c/td\u003e\u003ctd style='background: #fbfcff; border: none;'\u003ehttps://ske.api.eu01.stackit.cloud/\u003c/td\u003e\u003c/tr\u003e\n\u003ctr\u003e\u003ctd style='background: #fbfcff; border: none;'\u003eQA\u003c/td\u003e\u003ctd style='background: #fbfcff; border: none;'\u003ehttps://ske.api.eu01.stg.stackit.cloud/\u003c/td\u003e\u003c/tr\u003e\n\u003ctr\u003e\u003ctd style='background: #fbfcff; border: none;'\u003eDev\u003c/td\u003e\u003ctd style='background: #fbfcff; border: none;'\u003ehttps://ske.api.eu01.dev.stackit.cloud/\u003c/td\u003e\u003c/tr\u003e\n\u003c/table\u003e\u003cbr /\u003e\n\u003csmall style='margin-left: 24px; margin-top: -5px; display: inline-block;'\u003e\u003ca href=\"https://registry.terraform.io/providers/SchwarzIT/stackit/latest/docs#environment\"\u003eBy default\u003c/a\u003e, production is used.\u003cbr /\u003eTo set a custom URL, set an environment variable \u003ccode\u003eSTACKIT_KUBERNETES_BASEURL\u003c/code\u003e\u003c/small\u003e\n\t","description_kind":"markdown"}},"stackit_logme_credential":{"version":0,"block":{"attributes":{"database_name":{"type":"string","description":"Database name","description_kind":"plain","computed":true},"host":{"type":"string","description":"Credential host","description_kind":"plain","computed":true},"hosts":{"type":["list","string"],"description":"Credential hosts","description_kind":"plain","computed":true},"id":{"type":"string","description":"Specifies the resource ID","description_kind":"plain","required":true},"instance_id":{"type":"string","description":"Instance ID the credential belongs to","description_kind":"plain","required":true},"password":{"type":"string","description":"Credential password","description_kind":"plain","computed":true,"sensitive":true},"port":{"type":"number","description":"Credential port","description_kind":"plain","computed":true},"project_id":{"type":"string","description":"Project ID the credential belongs to","description_kind":"plain","required":true},"route_service_url":{"type":"string","description":"Credential route_service_url","description_kind":"plain","computed":true},"syslog_drain_url":{"type":"string","description":"Credential syslog_drain_url","description_kind":"plain","computed":true},"uri":{"type":"string","description":"The instance URI","description_kind":"plain","computed":true},"username":{"type":"string","description":"Credential username","description_kind":"plain","computed":true}},"description":"Manages LogMe credentials\n\n\u003cbr /\u003e\n\n-\u003e __Environment support__\u003cbr /\u003e\u003ctable style='border-collapse: separate; border-spacing: 0px; margin-top:-20px; margin-left: 24px; font-size: smaller;'\u003e\n\u003ctr\u003e\u003ctd style='width: 100px; background: #fbfcff; border: none;'\u003eProduction\u003c/td\u003e\u003ctd style='background: #fbfcff; border: none;'\u003ehttps://logme.api.eu01.stackit.cloud\u003c/td\u003e\u003c/tr\u003e\n\u003ctr\u003e\u003ctd style='background: #fbfcff; border: none;'\u003eQA\u003c/td\u003e\u003ctd style='background: #fbfcff; border: none;'\u003ehttps://logme.api.eu01.qa.stackit.cloud\u003c/td\u003e\u003c/tr\u003e\n\u003ctr\u003e\u003ctd style='background: #fbfcff; border: none;'\u003eDev\u003c/td\u003e\u003ctd style='background: #fbfcff; border: none;'\u003ehttps://logme.api.eu01.dev.stackit.cloud\u003c/td\u003e\u003c/tr\u003e\n\u003c/table\u003e\u003cbr /\u003e\n\u003csmall style='margin-left: 24px; margin-top: -5px; display: inline-block;'\u003e\u003ca href=\"https://registry.terraform.io/providers/SchwarzIT/stackit/latest/docs#environment\"\u003eBy default\u003c/a\u003e, production is used.\u003cbr /\u003eTo set a custom URL, set an environment variable \u003ccode\u003eSTACKIT_LOGME_BASEURL\u003c/code\u003e\u003c/small\u003e\n\t","description_kind":"markdown"}},"stackit_logme_instance":{"version":0,"block":{"attributes":{"acl":{"type":["list","string"],"description":"Access Control rules to whitelist IP addresses","description_kind":"plain","computed":true},"cf_guid":{"type":"string","description":"Cloud Foundry GUID","description_kind":"plain","computed":true},"cf_organization_guid":{"type":"string","description":"Cloud Foundry Organization GUID","description_kind":"plain","computed":true},"cf_space_guid":{"type":"string","description":"Cloud Foundry Space GUID","description_kind":"plain","computed":true},"dashboard_url":{"type":"string","description":"Dashboard URL","description_kind":"plain","computed":true},"id":{"type":"string","description":"Specifies the resource ID","description_kind":"plain","computed":true},"name":{"type":"string","description":"Specifies the instance name.","description_kind":"plain","required":true},"plan":{"type":"string","description":"The RabbitMQ Plan","description_kind":"plain","computed":true},"plan_id":{"type":"string","description":"The selected plan ID","description_kind":"plain","computed":true},"project_id":{"type":"string","description":"The project ID.","description_kind":"plain","required":true},"version":{"type":"string","description":"RabbitMQ version","description_kind":"plain","computed":true}},"description":"Data source for LogMe instances\n\n\u003cbr /\u003e\n\n-\u003e __Environment support__\u003cbr /\u003e\u003ctable style='border-collapse: separate; border-spacing: 0px; margin-top:-20px; margin-left: 24px; font-size: smaller;'\u003e\n\u003ctr\u003e\u003ctd style='width: 100px; background: #fbfcff; border: none;'\u003eProduction\u003c/td\u003e\u003ctd style='background: #fbfcff; border: none;'\u003ehttps://logme.api.eu01.stackit.cloud\u003c/td\u003e\u003c/tr\u003e\n\u003ctr\u003e\u003ctd style='background: #fbfcff; border: none;'\u003eQA\u003c/td\u003e\u003ctd style='background: #fbfcff; border: none;'\u003ehttps://logme.api.eu01.qa.stackit.cloud\u003c/td\u003e\u003c/tr\u003e\n\u003ctr\u003e\u003ctd style='background: #fbfcff; border: none;'\u003eDev\u003c/td\u003e\u003ctd style='background: #fbfcff; border: none;'\u003ehttps://logme.api.eu01.dev.stackit.cloud\u003c/td\u003e\u003c/tr\u003e\n\u003c/table\u003e\u003cbr /\u003e\n\u003csmall style='margin-left: 24px; margin-top: -5px; display: inline-block;'\u003e\u003ca href=\"https://registry.terraform.io/providers/SchwarzIT/stackit/latest/docs#environment\"\u003eBy default\u003c/a\u003e, production is used.\u003cbr /\u003eTo set a custom URL, set an environment variable \u003ccode\u003eSTACKIT_LOGME_BASEURL\u003c/code\u003e\u003c/small\u003e\n\t","description_kind":"markdown"}},"stackit_mariadb_credential":{"version":0,"block":{"attributes":{"database_name":{"type":"string","description":"Database name","description_kind":"plain","computed":true},"host":{"type":"string","description":"Credential host","description_kind":"plain","computed":true},"hosts":{"type":["list","string"],"description":"Credential hosts","description_kind":"plain","computed":true},"id":{"type":"string","description":"Specifies the resource ID","description_kind":"plain","required":true},"instance_id":{"type":"string","description":"Instance ID the credential belongs to","description_kind":"plain","required":true},"password":{"type":"string","description":"Credential password","description_kind":"plain","computed":true,"sensitive":true},"port":{"type":"number","description":"Credential port","description_kind":"plain","computed":true},"project_id":{"type":"string","description":"Project ID the credential belongs to","description_kind":"plain","required":true},"route_service_url":{"type":"string","description":"Credential route_service_url","description_kind":"plain","computed":true},"syslog_drain_url":{"type":"string","description":"Credential syslog_drain_url","description_kind":"plain","computed":true},"uri":{"type":"string","description":"The instance URI","description_kind":"plain","computed":true},"username":{"type":"string","description":"Credential username","description_kind":"plain","computed":true}},"description":"Manages MariaDB credentials\n\n\u003cbr /\u003e\n\n-\u003e __Environment support__\u003cbr /\u003e\u003ctable style='border-collapse: separate; border-spacing: 0px; margin-top:-20px; margin-left: 24px; font-size: smaller;'\u003e\n\u003ctr\u003e\u003ctd style='width: 100px; background: #fbfcff; border: none;'\u003eProduction\u003c/td\u003e\u003ctd style='background: #fbfcff; border: none;'\u003ehttps://mariadb.api.eu01.stackit.cloud\u003c/td\u003e\u003c/tr\u003e\n\u003ctr\u003e\u003ctd style='background: #fbfcff; border: none;'\u003eQA\u003c/td\u003e\u003ctd style='background: #fbfcff; border: none;'\u003ehttps://mariadb.api.eu01.qa.stackit.cloud\u003c/td\u003e\u003c/tr\u003e\n\u003ctr\u003e\u003ctd style='background: #fbfcff; border: none;'\u003eDev\u003c/td\u003e\u003ctd style='background: #fbfcff; border: none;'\u003ehttps://mariadb.api.eu01.dev.stackit.cloud\u003c/td\u003e\u003c/tr\u003e\n\u003c/table\u003e\u003cbr /\u003e\n\u003csmall style='margin-left: 24px; margin-top: -5px; display: inline-block;'\u003e\u003ca href=\"https://registry.terraform.io/providers/SchwarzIT/stackit/latest/docs#environment\"\u003eBy default\u003c/a\u003e, production is used.\u003cbr /\u003eTo set a custom URL, set an environment variable \u003ccode\u003eSTACKIT_MARIADB_BASEURL\u003c/code\u003e\u003c/small\u003e\n\t","description_kind":"markdown"}},"stackit_mariadb_instance":{"version":0,"block":{"attributes":{"acl":{"type":["list","string"],"description":"Access Control rules to whitelist IP addresses","description_kind":"plain","computed":true},"cf_guid":{"type":"string","description":"Cloud Foundry GUID","description_kind":"plain","computed":true},"cf_organization_guid":{"type":"string","description":"Cloud Foundry Organization GUID","description_kind":"plain","computed":true},"cf_space_guid":{"type":"string","description":"Cloud Foundry Space GUID","description_kind":"plain","computed":true},"dashboard_url":{"type":"string","description":"Dashboard URL","description_kind":"plain","computed":true},"id":{"type":"string","description":"Specifies the resource ID","description_kind":"plain","computed":true},"name":{"type":"string","description":"Specifies the instance name.","description_kind":"plain","required":true},"plan":{"type":"string","description":"The RabbitMQ Plan","description_kind":"plain","computed":true},"plan_id":{"type":"string","description":"The selected plan ID","description_kind":"plain","computed":true},"project_id":{"type":"string","description":"The project ID.","description_kind":"plain","required":true},"version":{"type":"string","description":"RabbitMQ version","description_kind":"plain","computed":true}},"description":"Data source for MariaDB instances\n\n\u003cbr /\u003e\n\n-\u003e __Environment support__\u003cbr /\u003e\u003ctable style='border-collapse: separate; border-spacing: 0px; margin-top:-20px; margin-left: 24px; font-size: smaller;'\u003e\n\u003ctr\u003e\u003ctd style='width: 100px; background: #fbfcff; border: none;'\u003eProduction\u003c/td\u003e\u003ctd style='background: #fbfcff; border: none;'\u003ehttps://mariadb.api.eu01.stackit.cloud\u003c/td\u003e\u003c/tr\u003e\n\u003ctr\u003e\u003ctd style='background: #fbfcff; border: none;'\u003eQA\u003c/td\u003e\u003ctd style='background: #fbfcff; border: none;'\u003ehttps://mariadb.api.eu01.qa.stackit.cloud\u003c/td\u003e\u003c/tr\u003e\n\u003ctr\u003e\u003ctd style='background: #fbfcff; border: none;'\u003eDev\u003c/td\u003e\u003ctd style='background: #fbfcff; border: none;'\u003ehttps://mariadb.api.eu01.dev.stackit.cloud\u003c/td\u003e\u003c/tr\u003e\n\u003c/table\u003e\u003cbr /\u003e\n\u003csmall style='margin-left: 24px; margin-top: -5px; display: inline-block;'\u003e\u003ca href=\"https://registry.terraform.io/providers/SchwarzIT/stackit/latest/docs#environment\"\u003eBy default\u003c/a\u003e, production is used.\u003cbr /\u003eTo set a custom URL, set an environment variable \u003ccode\u003eSTACKIT_MARIADB_BASEURL\u003c/code\u003e\u003c/small\u003e\n\t","description_kind":"markdown"}},"stackit_mongodb_flex_instance":{"version":0,"block":{"attributes":{"acl":{"type":["list","string"],"description":"Access Control rules to whitelist IP addresses.","description_kind":"plain","computed":true},"backup_schedule":{"type":"string","description":"Specifies the backup schedule (cron style).","description_kind":"plain","computed":true},"id":{"type":"string","description":"Specifies the resource ID.","description_kind":"plain","computed":true},"machine_type":{"type":"string","description":"The Machine Type.","description_kind":"plain","computed":true},"name":{"type":"string","description":"Specifies the instance name.","description_kind":"plain","required":true},"project_id":{"type":"string","description":"The project ID the instance runs in.","description_kind":"plain","required":true},"replicas":{"type":"number","description":"Number of replicas.","description_kind":"plain","computed":true},"storage":{"nested_type":{"attributes":{"class":{"type":"string","description":"Specifies the storage class. Available option: `premium-perf2-mongodb`.","description_kind":"plain","computed":true},"size":{"type":"number","description":"The storage size in GB.","description_kind":"plain","computed":true}},"nesting_mode":"single"},"description":"A single `storage` block as defined below.","description_kind":"plain","computed":true},"version":{"type":"string","description":"MongoDB version.","description_kind":"plain","computed":true}},"description":"Data source for MongoDB Flex instance\n\n\u003cbr /\u003e\n\n-\u003e __Environment support__\u003cbr /\u003e\u003ctable style='border-collapse: separate; border-spacing: 0px; margin-top:-20px; margin-left: 24px; font-size: smaller;'\u003e\n\u003ctr\u003e\u003ctd style='width: 100px; background: #fbfcff; border: none;'\u003eProduction\u003c/td\u003e\u003ctd style='background: #fbfcff; border: none;'\u003ehttps://api.stackit.cloud/mongodb/v1/\u003c/td\u003e\u003c/tr\u003e\n\u003ctr\u003e\u003ctd style='background: #fbfcff; border: none;'\u003eQA\u003c/td\u003e\u003ctd style='background: #fbfcff; border: none;'\u003ehttps://api-qa.stackit.cloud/mongodb/v1/\u003c/td\u003e\u003c/tr\u003e\n\u003ctr\u003e\u003ctd style='background: #fbfcff; border: none;'\u003eDev\u003c/td\u003e\u003ctd style='background: #fbfcff; border: none;'\u003ehttps://api-dev.stackit.cloud/mongodb/v1/\u003c/td\u003e\u003c/tr\u003e\n\u003c/table\u003e\u003cbr /\u003e\n\u003csmall style='margin-left: 24px; margin-top: -5px; display: inline-block;'\u003e\u003ca href=\"https://registry.terraform.io/providers/SchwarzIT/stackit/latest/docs#environment\"\u003eBy default\u003c/a\u003e, production is used.\u003cbr /\u003eTo set a custom URL, set an environment variable \u003ccode\u003eSTACKIT_MONGODB_FLEX_BASEURL\u003c/code\u003e\u003c/small\u003e\n\t","description_kind":"markdown"}},"stackit_mongodb_flex_user":{"version":0,"block":{"attributes":{"database":{"type":"string","description":"Specifies the database the user can access","description_kind":"plain","computed":true},"host":{"type":"string","description":"Specifies the allowed user hostname","description_kind":"plain","computed":true},"id":{"type":"string","description":"Specifies the resource ID","description_kind":"plain","required":true},"instance_id":{"type":"string","description":"the mongo db flex instance id.","description_kind":"plain","required":true},"port":{"type":"number","description":"Specifies the port","description_kind":"plain","computed":true},"project_id":{"type":"string","description":"The project ID the instance runs in. ","description_kind":"plain","required":true},"roles":{"type":["list","string"],"description":"Specifies the roles assigned to the user","description_kind":"plain","computed":true},"username":{"type":"string","description":"Specifies the user's username","description_kind":"plain","computed":true}},"description":"Data source for MongoDB Flex user\n\n\u003cbr /\u003e\n\n-\u003e __Environment support__\u003cbr /\u003e\u003ctable style='border-collapse: separate; border-spacing: 0px; margin-top:-20px; margin-left: 24px; font-size: smaller;'\u003e\n\u003ctr\u003e\u003ctd style='width: 100px; background: #fbfcff; border: none;'\u003eProduction\u003c/td\u003e\u003ctd style='background: #fbfcff; border: none;'\u003ehttps://api.stackit.cloud/mongodb/v1/\u003c/td\u003e\u003c/tr\u003e\n\u003ctr\u003e\u003ctd style='background: #fbfcff; border: none;'\u003eQA\u003c/td\u003e\u003ctd style='background: #fbfcff; border: none;'\u003ehttps://api-qa.stackit.cloud/mongodb/v1/\u003c/td\u003e\u003c/tr\u003e\n\u003ctr\u003e\u003ctd style='background: #fbfcff; border: none;'\u003eDev\u003c/td\u003e\u003ctd style='background: #fbfcff; border: none;'\u003ehttps://api-dev.stackit.cloud/mongodb/v1/\u003c/td\u003e\u003c/tr\u003e\n\u003c/table\u003e\u003cbr /\u003e\n\u003csmall style='margin-left: 24px; margin-top: -5px; display: inline-block;'\u003e\u003ca href=\"https://registry.terraform.io/providers/SchwarzIT/stackit/latest/docs#environment\"\u003eBy default\u003c/a\u003e, production is used.\u003cbr /\u003eTo set a custom URL, set an environment variable \u003ccode\u003eSTACKIT_MONGODB_FLEX_BASEURL\u003c/code\u003e\u003c/small\u003e\n\t","description_kind":"markdown"}},"stackit_object_storage_bucket":{"version":0,"block":{"attributes":{"host_style_url":{"type":"string","description":"url with dedicated host name","description_kind":"plain","computed":true},"id":{"type":"string","description":"Specifies the resource ID","description_kind":"plain","computed":true},"name":{"type":"string","description":"the bucket name","description_kind":"plain","required":true},"object_storage_project_id":{"type":"string","description":"The ID returned from `stackit_object_storage_project`","description_kind":"plain","required":true},"path_style_url":{"type":"string","description":"url with path to the bucket","description_kind":"plain","computed":true},"region":{"type":"string","description":"the region where the bucket was created","description_kind":"plain","computed":true}},"description":"Data source for Object Storage buckets\n\n\u003cbr /\u003e\n\n-\u003e __Environment support__\u003cbr /\u003e\u003ctable style='border-collapse: separate; border-spacing: 0px; margin-top:-20px; margin-left: 24px; font-size: smaller;'\u003e\n\u003ctr\u003e\u003ctd style='width: 100px; background: #fbfcff; border: none;'\u003eProduction\u003c/td\u003e\u003ctd style='background: #fbfcff; border: none;'\u003ehttps://api.stackit.cloud/object-storage-api/\u003c/td\u003e\u003c/tr\u003e\n\u003ctr\u003e\u003ctd style='background: #fbfcff; border: none;'\u003eQA\u003c/td\u003e\u003ctd style='background: #fbfcff; border: none;'\u003ehttps://api-qa.stackit.cloud/object-storage-api/\u003c/td\u003e\u003c/tr\u003e\n\u003ctr\u003e\u003ctd style='background: #fbfcff; border: none;'\u003eDev\u003c/td\u003e\u003ctd style='background: #fbfcff; border: none;'\u003ehttps://api-dev.stackit.cloud/object-storage-api/\u003c/td\u003e\u003c/tr\u003e\n\u003c/table\u003e\u003cbr /\u003e\n\u003csmall style='margin-left: 24px; margin-top: -5px; display: inline-block;'\u003e\u003ca href=\"https://registry.terraform.io/providers/SchwarzIT/stackit/latest/docs#environment\"\u003eBy default\u003c/a\u003e, production is used.\u003cbr /\u003eTo set a custom URL, set an environment variable \u003ccode\u003eSTACKIT_OBJECT_STORAGE_BASEURL\u003c/code\u003e\u003c/small\u003e\n\t","description_kind":"markdown"}},"stackit_object_storage_credential":{"version":0,"block":{"attributes":{"display_name":{"type":"string","description":"the credential's display name in the portal","description_kind":"plain","optional":true,"computed":true},"expiry":{"type":"string","description_kind":"plain","computed":true},"id":{"type":"string","description":"the credential ID","description_kind":"plain","optional":true,"computed":true},"object_storage_project_id":{"type":"string","description":"The ID returned from `stackit_object_storage_project`","description_kind":"plain","required":true}},"description":"Data source for Object Storage credentials\n\n\u003cbr /\u003e\n\n-\u003e __Environment support__\u003cbr /\u003e\u003ctable style='border-collapse: separate; border-spacing: 0px; margin-top:-20px; margin-left: 24px; font-size: smaller;'\u003e\n\u003ctr\u003e\u003ctd style='width: 100px; background: #fbfcff; border: none;'\u003eProduction\u003c/td\u003e\u003ctd style='background: #fbfcff; border: none;'\u003ehttps://api.stackit.cloud/object-storage-api/\u003c/td\u003e\u003c/tr\u003e\n\u003ctr\u003e\u003ctd style='background: #fbfcff; border: none;'\u003eQA\u003c/td\u003e\u003ctd style='background: #fbfcff; border: none;'\u003ehttps://api-qa.stackit.cloud/object-storage-api/\u003c/td\u003e\u003c/tr\u003e\n\u003ctr\u003e\u003ctd style='background: #fbfcff; border: none;'\u003eDev\u003c/td\u003e\u003ctd style='background: #fbfcff; border: none;'\u003ehttps://api-dev.stackit.cloud/object-storage-api/\u003c/td\u003e\u003c/tr\u003e\n\u003c/table\u003e\u003cbr /\u003e\n\u003csmall style='margin-left: 24px; margin-top: -5px; display: inline-block;'\u003e\u003ca href=\"https://registry.terraform.io/providers/SchwarzIT/stackit/latest/docs#environment\"\u003eBy default\u003c/a\u003e, production is used.\u003cbr /\u003eTo set a custom URL, set an environment variable \u003ccode\u003eSTACKIT_OBJECT_STORAGE_BASEURL\u003c/code\u003e\u003c/small\u003e\n\t","description_kind":"markdown"}},"stackit_object_storage_credentials_group":{"version":0,"block":{"attributes":{"id":{"type":"string","description":"the credential group ID","description_kind":"plain","required":true},"name":{"type":"string","description":"the credential group's display name","description_kind":"plain","computed":true},"object_storage_project_id":{"type":"string","description":"The ID returned from `stackit_object_storage_project`","description_kind":"plain","required":true},"urn":{"type":"string","description":"credential group URN","description_kind":"plain","computed":true}},"description":"Data source for Object Storage credential groups\n\n\u003cbr /\u003e\n\n-\u003e __Environment support__\u003cbr /\u003e\u003ctable style='border-collapse: separate; border-spacing: 0px; margin-top:-20px; margin-left: 24px; font-size: smaller;'\u003e\n\u003ctr\u003e\u003ctd style='width: 100px; background: #fbfcff; border: none;'\u003eProduction\u003c/td\u003e\u003ctd style='background: #fbfcff; border: none;'\u003ehttps://api.stackit.cloud/object-storage-api/\u003c/td\u003e\u003c/tr\u003e\n\u003ctr\u003e\u003ctd style='background: #fbfcff; border: none;'\u003eQA\u003c/td\u003e\u003ctd style='background: #fbfcff; border: none;'\u003ehttps://api-qa.stackit.cloud/object-storage-api/\u003c/td\u003e\u003c/tr\u003e\n\u003ctr\u003e\u003ctd style='background: #fbfcff; border: none;'\u003eDev\u003c/td\u003e\u003ctd style='background: #fbfcff; border: none;'\u003ehttps://api-dev.stackit.cloud/object-storage-api/\u003c/td\u003e\u003c/tr\u003e\n\u003c/table\u003e\u003cbr /\u003e\n\u003csmall style='margin-left: 24px; margin-top: -5px; display: inline-block;'\u003e\u003ca href=\"https://registry.terraform.io/providers/SchwarzIT/stackit/latest/docs#environment\"\u003eBy default\u003c/a\u003e, production is used.\u003cbr /\u003eTo set a custom URL, set an environment variable \u003ccode\u003eSTACKIT_OBJECT_STORAGE_BASEURL\u003c/code\u003e\u003c/small\u003e\n\t","description_kind":"markdown"}},"stackit_object_storage_project":{"version":0,"block":{"attributes":{"id":{"type":"string","description":"Specifies the resource ID","description_kind":"plain","computed":true},"project_id":{"type":"string","description":"The project ID in which Object Storage is enabled","description_kind":"plain","required":true}},"description":"Data source for Object Storage project\n\n\u003cbr /\u003e\n\n-\u003e __Environment support__\u003cbr /\u003e\u003ctable style='border-collapse: separate; border-spacing: 0px; margin-top:-20px; margin-left: 24px; font-size: smaller;'\u003e\n\u003ctr\u003e\u003ctd style='width: 100px; background: #fbfcff; border: none;'\u003eProduction\u003c/td\u003e\u003ctd style='background: #fbfcff; border: none;'\u003ehttps://api.stackit.cloud/object-storage-api/\u003c/td\u003e\u003c/tr\u003e\n\u003ctr\u003e\u003ctd style='background: #fbfcff; border: none;'\u003eQA\u003c/td\u003e\u003ctd style='background: #fbfcff; border: none;'\u003ehttps://api-qa.stackit.cloud/object-storage-api/\u003c/td\u003e\u003c/tr\u003e\n\u003ctr\u003e\u003ctd style='background: #fbfcff; border: none;'\u003eDev\u003c/td\u003e\u003ctd style='background: #fbfcff; border: none;'\u003ehttps://api-dev.stackit.cloud/object-storage-api/\u003c/td\u003e\u003c/tr\u003e\n\u003c/table\u003e\u003cbr /\u003e\n\u003csmall style='margin-left: 24px; margin-top: -5px; display: inline-block;'\u003e\u003ca href=\"https://registry.terraform.io/providers/SchwarzIT/stackit/latest/docs#environment\"\u003eBy default\u003c/a\u003e, production is used.\u003cbr /\u003eTo set a custom URL, set an environment variable \u003ccode\u003eSTACKIT_OBJECT_STORAGE_BASEURL\u003c/code\u003e\u003c/small\u003e\n\t","description_kind":"markdown"}},"stackit_opensearch_credential":{"version":0,"block":{"attributes":{"database_name":{"type":"string","description":"Database name","description_kind":"plain","computed":true},"host":{"type":"string","description":"Credential host","description_kind":"plain","computed":true},"hosts":{"type":["list","string"],"description":"Credential hosts","description_kind":"plain","computed":true},"id":{"type":"string","description":"Specifies the resource ID","description_kind":"plain","required":true},"instance_id":{"type":"string","description":"Instance ID the credential belongs to","description_kind":"plain","required":true},"password":{"type":"string","description":"Credential password","description_kind":"plain","computed":true,"sensitive":true},"port":{"type":"number","description":"Credential port","description_kind":"plain","computed":true},"project_id":{"type":"string","description":"Project ID the credential belongs to","description_kind":"plain","required":true},"route_service_url":{"type":"string","description":"Credential route_service_url","description_kind":"plain","computed":true},"syslog_drain_url":{"type":"string","description":"Credential syslog_drain_url","description_kind":"plain","computed":true},"uri":{"type":"string","description":"The instance URI","description_kind":"plain","computed":true},"username":{"type":"string","description":"Credential username","description_kind":"plain","computed":true}},"description":"Manages Opensearch credentials\n\n\u003cbr /\u003e\n\n-\u003e __Environment support__\u003cbr /\u003e\u003ctable style='border-collapse: separate; border-spacing: 0px; margin-top:-20px; margin-left: 24px; font-size: smaller;'\u003e\n\u003ctr\u003e\u003ctd style='width: 100px; background: #fbfcff; border: none;'\u003eProduction\u003c/td\u003e\u003ctd style='background: #fbfcff; border: none;'\u003ehttps://opensearch.api.eu01.stackit.cloud\u003c/td\u003e\u003c/tr\u003e\n\u003ctr\u003e\u003ctd style='background: #fbfcff; border: none;'\u003eQA\u003c/td\u003e\u003ctd style='background: #fbfcff; border: none;'\u003ehttps://opensearch.api.eu01.qa.stackit.cloud\u003c/td\u003e\u003c/tr\u003e\n\u003ctr\u003e\u003ctd style='background: #fbfcff; border: none;'\u003eDev\u003c/td\u003e\u003ctd style='background: #fbfcff; border: none;'\u003ehttps://opensearch.api.eu01.dev.stackit.cloud\u003c/td\u003e\u003c/tr\u003e\n\u003c/table\u003e\u003cbr /\u003e\n\u003csmall style='margin-left: 24px; margin-top: -5px; display: inline-block;'\u003e\u003ca href=\"https://registry.terraform.io/providers/SchwarzIT/stackit/latest/docs#environment\"\u003eBy default\u003c/a\u003e, production is used.\u003cbr /\u003eTo set a custom URL, set an environment variable \u003ccode\u003eSTACKIT_REDIS_BASEURL\u003c/code\u003e\u003c/small\u003e\n\t","description_kind":"markdown"}},"stackit_opensearch_instance":{"version":0,"block":{"attributes":{"acl":{"type":["list","string"],"description":"Access Control rules to whitelist IP addresses","description_kind":"plain","computed":true},"cf_guid":{"type":"string","description":"Cloud Foundry GUID","description_kind":"plain","computed":true},"cf_organization_guid":{"type":"string","description":"Cloud Foundry Organization GUID","description_kind":"plain","computed":true},"cf_space_guid":{"type":"string","description":"Cloud Foundry Space GUID","description_kind":"plain","computed":true},"dashboard_url":{"type":"string","description":"Dashboard URL","description_kind":"plain","computed":true},"id":{"type":"string","description":"Specifies the resource ID","description_kind":"plain","computed":true},"name":{"type":"string","description":"Specifies the instance name.","description_kind":"plain","required":true},"plan":{"type":"string","description":"The RabbitMQ Plan","description_kind":"plain","computed":true},"plan_id":{"type":"string","description":"The selected plan ID","description_kind":"plain","computed":true},"project_id":{"type":"string","description":"The project ID.","description_kind":"plain","required":true},"version":{"type":"string","description":"RabbitMQ version","description_kind":"plain","computed":true}},"description":"Data source for Opensearch instances\n\n\u003cbr /\u003e\n\n-\u003e __Environment support__\u003cbr /\u003e\u003ctable style='border-collapse: separate; border-spacing: 0px; margin-top:-20px; margin-left: 24px; font-size: smaller;'\u003e\n\u003ctr\u003e\u003ctd style='width: 100px; background: #fbfcff; border: none;'\u003eProduction\u003c/td\u003e\u003ctd style='background: #fbfcff; border: none;'\u003ehttps://opensearch.api.eu01.stackit.cloud\u003c/td\u003e\u003c/tr\u003e\n\u003ctr\u003e\u003ctd style='background: #fbfcff; border: none;'\u003eQA\u003c/td\u003e\u003ctd style='background: #fbfcff; border: none;'\u003ehttps://opensearch.api.eu01.qa.stackit.cloud\u003c/td\u003e\u003c/tr\u003e\n\u003ctr\u003e\u003ctd style='background: #fbfcff; border: none;'\u003eDev\u003c/td\u003e\u003ctd style='background: #fbfcff; border: none;'\u003ehttps://opensearch.api.eu01.dev.stackit.cloud\u003c/td\u003e\u003c/tr\u003e\n\u003c/table\u003e\u003cbr /\u003e\n\u003csmall style='margin-left: 24px; margin-top: -5px; display: inline-block;'\u003e\u003ca href=\"https://registry.terraform.io/providers/SchwarzIT/stackit/latest/docs#environment\"\u003eBy default\u003c/a\u003e, production is used.\u003cbr /\u003eTo set a custom URL, set an environment variable \u003ccode\u003eSTACKIT_REDIS_BASEURL\u003c/code\u003e\u003c/small\u003e\n\t","description_kind":"markdown"}},"stackit_postgres_credential":{"version":0,"block":{"attributes":{"database_name":{"type":"string","description":"Database name","description_kind":"plain","computed":true},"host":{"type":"string","description":"Credential host","description_kind":"plain","computed":true},"hosts":{"type":["list","string"],"description":"Credential hosts","description_kind":"plain","computed":true},"id":{"type":"string","description":"Specifies the resource ID","description_kind":"plain","required":true},"instance_id":{"type":"string","description":"Instance ID the credential belongs to","description_kind":"plain","required":true},"password":{"type":"string","description":"Credential password","description_kind":"plain","computed":true,"sensitive":true},"port":{"type":"number","description":"Credential port","description_kind":"plain","computed":true},"project_id":{"type":"string","description":"Project ID the credential belongs to","description_kind":"plain","required":true},"route_service_url":{"type":"string","description":"Credential route_service_url","description_kind":"plain","computed":true},"syslog_drain_url":{"type":"string","description":"Credential syslog_drain_url","description_kind":"plain","computed":true},"uri":{"type":"string","description":"The instance URI","description_kind":"plain","computed":true},"username":{"type":"string","description":"Credential username","description_kind":"plain","computed":true}},"description":"Manages Postgres credentials\n\n\u003cbr /\u003e\n\n-\u003e __Environment support__\u003cbr /\u003e\u003ctable style='border-collapse: separate; border-spacing: 0px; margin-top:-20px; margin-left: 24px; font-size: smaller;'\u003e\n\u003ctr\u003e\u003ctd style='width: 100px; background: #fbfcff; border: none;'\u003eProduction\u003c/td\u003e\u003ctd style='background: #fbfcff; border: none;'\u003ehttps://postgresql.api.eu01.stackit.cloud\u003c/td\u003e\u003c/tr\u003e\n\u003ctr\u003e\u003ctd style='background: #fbfcff; border: none;'\u003eQA\u003c/td\u003e\u003ctd style='background: #fbfcff; border: none;'\u003ehttps://postgresql.api.eu01.qa.stackit.cloud\u003c/td\u003e\u003c/tr\u003e\n\u003ctr\u003e\u003ctd style='background: #fbfcff; border: none;'\u003eDev\u003c/td\u003e\u003ctd style='background: #fbfcff; border: none;'\u003ehttps://postgresql.api.eu01.dev.stackit.cloud\u003c/td\u003e\u003c/tr\u003e\n\u003c/table\u003e\u003cbr /\u003e\n\u003csmall style='margin-left: 24px; margin-top: -5px; display: inline-block;'\u003e\u003ca href=\"https://registry.terraform.io/providers/SchwarzIT/stackit/latest/docs#environment\"\u003eBy default\u003c/a\u003e, production is used.\u003cbr /\u003eTo set a custom URL, set an environment variable \u003ccode\u003eSTACKIT_POSTGRESQL_BASEURL\u003c/code\u003e\u003c/small\u003e\n\t","description_kind":"markdown"}},"stackit_postgres_flex_instance":{"version":0,"block":{"attributes":{"acl":{"type":["list","string"],"description":"Access Control rules to whitelist IP addresses","description_kind":"plain","computed":true},"backup_schedule":{"type":"string","description":"Specifies the backup schedule (cron style)","description_kind":"plain","computed":true},"id":{"type":"string","description":"Specifies the resource ID","description_kind":"plain","computed":true},"machine_type":{"type":"string","description":"The Machine Type","description_kind":"plain","computed":true},"name":{"type":"string","description":"Specifies the instance name","description_kind":"plain","required":true},"project_id":{"type":"string","description":"The project ID","description_kind":"plain","required":true},"replicas":{"type":"number","description":"Number of replicas","description_kind":"plain","computed":true},"storage":{"nested_type":{"attributes":{"class":{"type":"string","description":"Specifies the storage class. Available option: `premium-perf6-stackit`","description_kind":"plain","computed":true},"size":{"type":"number","description":"The storage size in GB","description_kind":"plain","computed":true}},"nesting_mode":"single"},"description":"A single `storage` block as defined below","description_kind":"plain","computed":true},"version":{"type":"string","description":"Postgres version","description_kind":"plain","computed":true}},"description":"Data source for Postgres Flex instance\n\n\u003cbr /\u003e\n\n-\u003e __Environment support__\u003cbr /\u003e\u003ctable style='border-collapse: separate; border-spacing: 0px; margin-top:-20px; margin-left: 24px; font-size: smaller;'\u003e\n\u003ctr\u003e\u003ctd style='width: 100px; background: #fbfcff; border: none;'\u003eProduction\u003c/td\u003e\u003ctd style='background: #fbfcff; border: none;'\u003ehttps://postgres-flex-service.api.eu01.stackit.cloud\u003c/td\u003e\u003c/tr\u003e\n\u003ctr\u003e\u003ctd style='background: #fbfcff; border: none;'\u003eQA\u003c/td\u003e\u003ctd style='background: #fbfcff; border: none;'\u003ehttps://postgres-flex-service.api.eu01.qa.stackit.cloud\u003c/td\u003e\u003c/tr\u003e\n\u003ctr\u003e\u003ctd style='background: #fbfcff; border: none;'\u003eDev\u003c/td\u003e\u003ctd style='background: #fbfcff; border: none;'\u003ehttps://postgres-flex-service.api.eu01.dev.stackit.cloud\u003c/td\u003e\u003c/tr\u003e\n\u003c/table\u003e\u003cbr /\u003e\n\u003csmall style='margin-left: 24px; margin-top: -5px; display: inline-block;'\u003e\u003ca href=\"https://registry.terraform.io/providers/SchwarzIT/stackit/latest/docs#environment\"\u003eBy default\u003c/a\u003e, production is used.\u003cbr /\u003eTo set a custom URL, set an environment variable \u003ccode\u003eSTACKIT_POSTGRES_FLEX_BASEURL\u003c/code\u003e\u003c/small\u003e\n\t","description_kind":"markdown"}},"stackit_postgres_flex_user":{"version":0,"block":{"attributes":{"host":{"type":"string","description":"Specifies the allowed user hostname","description_kind":"plain","computed":true},"id":{"type":"string","description":"Specifies the resource ID","description_kind":"plain","required":true},"instance_id":{"type":"string","description":"the postgres db flex instance id.","description_kind":"plain","required":true},"port":{"type":"number","description":"Specifies the port","description_kind":"plain","computed":true},"project_id":{"type":"string","description":"The project ID the instance runs in. ","description_kind":"plain","required":true},"roles":{"type":["list","string"],"description":"Specifies the roles assigned to the user","description_kind":"plain","computed":true},"username":{"type":"string","description":"Specifies the username","description_kind":"plain","computed":true}},"description":"Data source for Postgres Flex user\n\n\u003cbr /\u003e\n\n-\u003e __Environment support__\u003cbr /\u003e\u003ctable style='border-collapse: separate; border-spacing: 0px; margin-top:-20px; margin-left: 24px; font-size: smaller;'\u003e\n\u003ctr\u003e\u003ctd style='width: 100px; background: #fbfcff; border: none;'\u003eProduction\u003c/td\u003e\u003ctd style='background: #fbfcff; border: none;'\u003ehttps://postgres-flex-service.api.eu01.stackit.cloud\u003c/td\u003e\u003c/tr\u003e\n\u003ctr\u003e\u003ctd style='background: #fbfcff; border: none;'\u003eQA\u003c/td\u003e\u003ctd style='background: #fbfcff; border: none;'\u003ehttps://postgres-flex-service.api.eu01.qa.stackit.cloud\u003c/td\u003e\u003c/tr\u003e\n\u003ctr\u003e\u003ctd style='background: #fbfcff; border: none;'\u003eDev\u003c/td\u003e\u003ctd style='background: #fbfcff; border: none;'\u003ehttps://postgres-flex-service.api.eu01.dev.stackit.cloud\u003c/td\u003e\u003c/tr\u003e\n\u003c/table\u003e\u003cbr /\u003e\n\u003csmall style='margin-left: 24px; margin-top: -5px; display: inline-block;'\u003e\u003ca href=\"https://registry.terraform.io/providers/SchwarzIT/stackit/latest/docs#environment\"\u003eBy default\u003c/a\u003e, production is used.\u003cbr /\u003eTo set a custom URL, set an environment variable \u003ccode\u003eSTACKIT_POSTGRES_FLEX_BASEURL\u003c/code\u003e\u003c/small\u003e\n\t","description_kind":"markdown"}},"stackit_postgres_instance":{"version":0,"block":{"attributes":{"acl":{"type":["list","string"],"description":"Access Control rules to whitelist IP addresses","description_kind":"plain","computed":true},"cf_guid":{"type":"string","description":"Cloud Foundry GUID","description_kind":"plain","computed":true},"cf_organization_guid":{"type":"string","description":"Cloud Foundry Organization GUID","description_kind":"plain","computed":true},"cf_space_guid":{"type":"string","description":"Cloud Foundry Space GUID","description_kind":"plain","computed":true},"dashboard_url":{"type":"string","description":"Dashboard URL","description_kind":"plain","computed":true},"id":{"type":"string","description":"Specifies the resource ID","description_kind":"plain","computed":true},"name":{"type":"string","description":"Specifies the instance name.","description_kind":"plain","required":true},"plan":{"type":"string","description":"The RabbitMQ Plan","description_kind":"plain","computed":true},"plan_id":{"type":"string","description":"The selected plan ID","description_kind":"plain","computed":true},"project_id":{"type":"string","description":"The project ID.","description_kind":"plain","required":true},"version":{"type":"string","description":"RabbitMQ version","description_kind":"plain","computed":true}},"description":"Data source for Postgres instances\n\n\u003cbr /\u003e\n\n-\u003e __Environment support__\u003cbr /\u003e\u003ctable style='border-collapse: separate; border-spacing: 0px; margin-top:-20px; margin-left: 24px; font-size: smaller;'\u003e\n\u003ctr\u003e\u003ctd style='width: 100px; background: #fbfcff; border: none;'\u003eProduction\u003c/td\u003e\u003ctd style='background: #fbfcff; border: none;'\u003ehttps://postgresql.api.eu01.stackit.cloud\u003c/td\u003e\u003c/tr\u003e\n\u003ctr\u003e\u003ctd style='background: #fbfcff; border: none;'\u003eQA\u003c/td\u003e\u003ctd style='background: #fbfcff; border: none;'\u003ehttps://postgresql.api.eu01.qa.stackit.cloud\u003c/td\u003e\u003c/tr\u003e\n\u003ctr\u003e\u003ctd style='background: #fbfcff; border: none;'\u003eDev\u003c/td\u003e\u003ctd style='background: #fbfcff; border: none;'\u003ehttps://postgresql.api.eu01.dev.stackit.cloud\u003c/td\u003e\u003c/tr\u003e\n\u003c/table\u003e\u003cbr /\u003e\n\u003csmall style='margin-left: 24px; margin-top: -5px; display: inline-block;'\u003e\u003ca href=\"https://registry.terraform.io/providers/SchwarzIT/stackit/latest/docs#environment\"\u003eBy default\u003c/a\u003e, production is used.\u003cbr /\u003eTo set a custom URL, set an environment variable \u003ccode\u003eSTACKIT_POSTGRESQL_BASEURL\u003c/code\u003e\u003c/small\u003e\n\t","description_kind":"markdown"}},"stackit_project":{"version":0,"block":{"attributes":{"billing_ref":{"type":"string","description":"billing reference for cost transparency","description_kind":"plain","computed":true},"container_id":{"type":"string","description":"the project container ID","description_kind":"plain","required":true},"id":{"type":"string","description":"the project UUID","description_kind":"plain","computed":true},"name":{"type":"string","description":"the project name","description_kind":"plain","computed":true},"parent_container_id":{"type":"string","description":"the project's parent container ID","description_kind":"plain","computed":true}},"description":"Data source for STACKIT projects\n\n\u003cbr /\u003e\n\n-\u003e __Environment support__\u003cbr /\u003e\u003ctable style='border-collapse: separate; border-spacing: 0px; margin-top:-20px; margin-left: 24px; font-size: smaller;'\u003e\n\u003ctr\u003e\u003ctd style='width: 100px; background: #fbfcff; border: none;'\u003eProduction\u003c/td\u003e\u003ctd style='background: #fbfcff; border: none;'\u003ehttps://api.stackit.cloud/resource-management/v2/\u003c/td\u003e\u003c/tr\u003e\n\u003ctr\u003e\u003ctd style='background: #fbfcff; border: none;'\u003eQA\u003c/td\u003e\u003ctd style='background: #fbfcff; border: none;'\u003ehttps://api-qa.stackit.cloud/resource-management/v2/\u003c/td\u003e\u003c/tr\u003e\n\u003ctr\u003e\u003ctd style='background: #fbfcff; border: none;'\u003eDev\u003c/td\u003e\u003ctd style='background: #fbfcff; border: none;'\u003ehttps://api-dev.stackit.cloud/resource-management/v2/\u003c/td\u003e\u003c/tr\u003e\n\u003c/table\u003e\u003cbr /\u003e\n\u003csmall style='margin-left: 24px; margin-top: -5px; display: inline-block;'\u003e\u003ca href=\"https://registry.terraform.io/providers/SchwarzIT/stackit/latest/docs#environment\"\u003eBy default\u003c/a\u003e, production is used.\u003cbr /\u003eTo set a custom URL, set an environment variable \u003ccode\u003eSTACKIT_RESOURCE_MANAGEMENT_BASEURL\u003c/code\u003e\u003c/small\u003e\n\t","description_kind":"markdown"}},"stackit_rabbitmq_credential":{"version":0,"block":{"attributes":{"database_name":{"type":"string","description":"Database name","description_kind":"plain","computed":true},"host":{"type":"string","description":"Credential host","description_kind":"plain","computed":true},"hosts":{"type":["list","string"],"description":"Credential hosts","description_kind":"plain","computed":true},"id":{"type":"string","description":"Specifies the resource ID","description_kind":"plain","required":true},"instance_id":{"type":"string","description":"Instance ID the credential belongs to","description_kind":"plain","required":true},"password":{"type":"string","description":"Credential password","description_kind":"plain","computed":true,"sensitive":true},"port":{"type":"number","description":"Credential port","description_kind":"plain","computed":true},"project_id":{"type":"string","description":"Project ID the credential belongs to","description_kind":"plain","required":true},"route_service_url":{"type":"string","description":"Credential route_service_url","description_kind":"plain","computed":true},"syslog_drain_url":{"type":"string","description":"Credential syslog_drain_url","description_kind":"plain","computed":true},"uri":{"type":"string","description":"The instance URI","description_kind":"plain","computed":true},"username":{"type":"string","description":"Credential username","description_kind":"plain","computed":true}},"description":"Manages RabbitMQ credentials\n\n\u003cbr /\u003e\n\n-\u003e __Environment support__\u003cbr /\u003e\u003ctable style='border-collapse: separate; border-spacing: 0px; margin-top:-20px; margin-left: 24px; font-size: smaller;'\u003e\n\u003ctr\u003e\u003ctd style='width: 100px; background: #fbfcff; border: none;'\u003eProduction\u003c/td\u003e\u003ctd style='background: #fbfcff; border: none;'\u003ehttps://rabbitmq.api.eu01.stackit.cloud\u003c/td\u003e\u003c/tr\u003e\n\u003ctr\u003e\u003ctd style='background: #fbfcff; border: none;'\u003eQA\u003c/td\u003e\u003ctd style='background: #fbfcff; border: none;'\u003ehttps://rabbitmq.api.eu01.qa.stackit.cloud\u003c/td\u003e\u003c/tr\u003e\n\u003ctr\u003e\u003ctd style='background: #fbfcff; border: none;'\u003eDev\u003c/td\u003e\u003ctd style='background: #fbfcff; border: none;'\u003ehttps://rabbitmq.api.eu01.dev.stackit.cloud\u003c/td\u003e\u003c/tr\u003e\n\u003c/table\u003e\u003cbr /\u003e\n\u003csmall style='margin-left: 24px; margin-top: -5px; display: inline-block;'\u003e\u003ca href=\"https://registry.terraform.io/providers/SchwarzIT/stackit/latest/docs#environment\"\u003eBy default\u003c/a\u003e, production is used.\u003cbr /\u003eTo set a custom URL, set an environment variable \u003ccode\u003eSTACKIT_RABBITMQ_BASEURL\u003c/code\u003e\u003c/small\u003e\n\t","description_kind":"markdown"}},"stackit_rabbitmq_instance":{"version":0,"block":{"attributes":{"acl":{"type":["list","string"],"description":"Access Control rules to whitelist IP addresses","description_kind":"plain","computed":true},"cf_guid":{"type":"string","description":"Cloud Foundry GUID","description_kind":"plain","computed":true},"cf_organization_guid":{"type":"string","description":"Cloud Foundry Organization GUID","description_kind":"plain","computed":true},"cf_space_guid":{"type":"string","description":"Cloud Foundry Space GUID","description_kind":"plain","computed":true},"dashboard_url":{"type":"string","description":"Dashboard URL","description_kind":"plain","computed":true},"id":{"type":"string","description":"Specifies the resource ID","description_kind":"plain","computed":true},"name":{"type":"string","description":"Specifies the instance name.","description_kind":"plain","required":true},"plan":{"type":"string","description":"The RabbitMQ Plan","description_kind":"plain","computed":true},"plan_id":{"type":"string","description":"The selected plan ID","description_kind":"plain","computed":true},"project_id":{"type":"string","description":"The project ID.","description_kind":"plain","required":true},"version":{"type":"string","description":"RabbitMQ version","description_kind":"plain","computed":true}},"description":"Data source for RabbitMQ instances\n\n\u003cbr /\u003e\n\n-\u003e __Environment support__\u003cbr /\u003e\u003ctable style='border-collapse: separate; border-spacing: 0px; margin-top:-20px; margin-left: 24px; font-size: smaller;'\u003e\n\u003ctr\u003e\u003ctd style='width: 100px; background: #fbfcff; border: none;'\u003eProduction\u003c/td\u003e\u003ctd style='background: #fbfcff; border: none;'\u003ehttps://rabbitmq.api.eu01.stackit.cloud\u003c/td\u003e\u003c/tr\u003e\n\u003ctr\u003e\u003ctd style='background: #fbfcff; border: none;'\u003eQA\u003c/td\u003e\u003ctd style='background: #fbfcff; border: none;'\u003ehttps://rabbitmq.api.eu01.qa.stackit.cloud\u003c/td\u003e\u003c/tr\u003e\n\u003ctr\u003e\u003ctd style='background: #fbfcff; border: none;'\u003eDev\u003c/td\u003e\u003ctd style='background: #fbfcff; border: none;'\u003ehttps://rabbitmq.api.eu01.dev.stackit.cloud\u003c/td\u003e\u003c/tr\u003e\n\u003c/table\u003e\u003cbr /\u003e\n\u003csmall style='margin-left: 24px; margin-top: -5px; display: inline-block;'\u003e\u003ca href=\"https://registry.terraform.io/providers/SchwarzIT/stackit/latest/docs#environment\"\u003eBy default\u003c/a\u003e, production is used.\u003cbr /\u003eTo set a custom URL, set an environment variable \u003ccode\u003eSTACKIT_RABBITMQ_BASEURL\u003c/code\u003e\u003c/small\u003e\n\t","description_kind":"markdown"}},"stackit_redis_credential":{"version":0,"block":{"attributes":{"database_name":{"type":"string","description":"Database name","description_kind":"plain","computed":true},"host":{"type":"string","description":"Credential host","description_kind":"plain","computed":true},"hosts":{"type":["list","string"],"description":"Credential hosts","description_kind":"plain","computed":true},"id":{"type":"string","description":"Specifies the resource ID","description_kind":"plain","required":true},"instance_id":{"type":"string","description":"Instance ID the credential belongs to","description_kind":"plain","required":true},"password":{"type":"string","description":"Credential password","description_kind":"plain","computed":true,"sensitive":true},"port":{"type":"number","description":"Credential port","description_kind":"plain","computed":true},"project_id":{"type":"string","description":"Project ID the credential belongs to","description_kind":"plain","required":true},"route_service_url":{"type":"string","description":"Credential route_service_url","description_kind":"plain","computed":true},"syslog_drain_url":{"type":"string","description":"Credential syslog_drain_url","description_kind":"plain","computed":true},"uri":{"type":"string","description":"The instance URI","description_kind":"plain","computed":true},"username":{"type":"string","description":"Credential username","description_kind":"plain","computed":true}},"description":"Manages Redis credentials\n\n\u003cbr /\u003e\n\n-\u003e __Environment support__\u003cbr /\u003e\u003ctable style='border-collapse: separate; border-spacing: 0px; margin-top:-20px; margin-left: 24px; font-size: smaller;'\u003e\n\u003ctr\u003e\u003ctd style='width: 100px; background: #fbfcff; border: none;'\u003eProduction\u003c/td\u003e\u003ctd style='background: #fbfcff; border: none;'\u003ehttps://redis.api.eu01.stackit.cloud\u003c/td\u003e\u003c/tr\u003e\n\u003ctr\u003e\u003ctd style='background: #fbfcff; border: none;'\u003eQA\u003c/td\u003e\u003ctd style='background: #fbfcff; border: none;'\u003ehttps://redis.api.eu01.qa.stackit.cloud\u003c/td\u003e\u003c/tr\u003e\n\u003ctr\u003e\u003ctd style='background: #fbfcff; border: none;'\u003eDev\u003c/td\u003e\u003ctd style='background: #fbfcff; border: none;'\u003ehttps://redis.api.eu01.dev.stackit.cloud\u003c/td\u003e\u003c/tr\u003e\n\u003c/table\u003e\u003cbr /\u003e\n\u003csmall style='margin-left: 24px; margin-top: -5px; display: inline-block;'\u003e\u003ca href=\"https://registry.terraform.io/providers/SchwarzIT/stackit/latest/docs#environment\"\u003eBy default\u003c/a\u003e, production is used.\u003cbr /\u003eTo set a custom URL, set an environment variable \u003ccode\u003eSTACKIT_REDIS_BASEURL\u003c/code\u003e\u003c/small\u003e\n\t","description_kind":"markdown"}},"stackit_redis_instance":{"version":0,"block":{"attributes":{"acl":{"type":["list","string"],"description":"Access Control rules to whitelist IP addresses","description_kind":"plain","computed":true},"cf_guid":{"type":"string","description":"Cloud Foundry GUID","description_kind":"plain","computed":true},"cf_organization_guid":{"type":"string","description":"Cloud Foundry Organization GUID","description_kind":"plain","computed":true},"cf_space_guid":{"type":"string","description":"Cloud Foundry Space GUID","description_kind":"plain","computed":true},"dashboard_url":{"type":"string","description":"Dashboard URL","description_kind":"plain","computed":true},"id":{"type":"string","description":"Specifies the resource ID","description_kind":"plain","computed":true},"name":{"type":"string","description":"Specifies the instance name.","description_kind":"plain","required":true},"plan":{"type":"string","description":"The RabbitMQ Plan","description_kind":"plain","computed":true},"plan_id":{"type":"string","description":"The selected plan ID","description_kind":"plain","computed":true},"project_id":{"type":"string","description":"The project ID.","description_kind":"plain","required":true},"version":{"type":"string","description":"RabbitMQ version","description_kind":"plain","computed":true}},"description":"Data source for Redis instances\n\n\u003cbr /\u003e\n\n-\u003e __Environment support__\u003cbr /\u003e\u003ctable style='border-collapse: separate; border-spacing: 0px; margin-top:-20px; margin-left: 24px; font-size: smaller;'\u003e\n\u003ctr\u003e\u003ctd style='width: 100px; background: #fbfcff; border: none;'\u003eProduction\u003c/td\u003e\u003ctd style='background: #fbfcff; border: none;'\u003ehttps://redis.api.eu01.stackit.cloud\u003c/td\u003e\u003c/tr\u003e\n\u003ctr\u003e\u003ctd style='background: #fbfcff; border: none;'\u003eQA\u003c/td\u003e\u003ctd style='background: #fbfcff; border: none;'\u003ehttps://redis.api.eu01.qa.stackit.cloud\u003c/td\u003e\u003c/tr\u003e\n\u003ctr\u003e\u003ctd style='background: #fbfcff; border: none;'\u003eDev\u003c/td\u003e\u003ctd style='background: #fbfcff; border: none;'\u003ehttps://redis.api.eu01.dev.stackit.cloud\u003c/td\u003e\u003c/tr\u003e\n\u003c/table\u003e\u003cbr /\u003e\n\u003csmall style='margin-left: 24px; margin-top: -5px; display: inline-block;'\u003e\u003ca href=\"https://registry.terraform.io/providers/SchwarzIT/stackit/latest/docs#environment\"\u003eBy default\u003c/a\u003e, production is used.\u003cbr /\u003eTo set a custom URL, set an environment variable \u003ccode\u003eSTACKIT_REDIS_BASEURL\u003c/code\u003e\u003c/small\u003e\n\t","description_kind":"markdown"}}}}}}
